// !$*UTF8*$!
{
	archiveVersion = 1;
	classes = {
	};
	objectVersion = 55;
	objects = {

/* Begin PBXBuildFile section */
		022D048A2976D7E100E0059B /* DiscoveryViewModelTests.swift in Sources */ = {isa = PBXBuildFile; fileRef = 022D04892976D7E100E0059B /* DiscoveryViewModelTests.swift */; };
		022D048B2976D7E100E0059B /* Discovery.framework in Frameworks */ = {isa = PBXBuildFile; fileRef = 0727879928D34C03002E9142 /* Discovery.framework */; platformFilter = ios; };
		022D04982976DA8A00E0059B /* DiscoveryMock.generated.swift in Sources */ = {isa = PBXBuildFile; fileRef = 022D04972976DA8A00E0059B /* DiscoveryMock.generated.swift */; };
		0283347728D499BC00C828FC /* DiscoveryInteractor.swift in Sources */ = {isa = PBXBuildFile; fileRef = 0283347628D499BC00C828FC /* DiscoveryInteractor.swift */; };
		0284DBFC28D4856A00830893 /* DiscoveryEndpoint.swift in Sources */ = {isa = PBXBuildFile; fileRef = 0284DBFB28D4856A00830893 /* DiscoveryEndpoint.swift */; };
		0284DC0328D4922900830893 /* DiscoveryRepository.swift in Sources */ = {isa = PBXBuildFile; fileRef = 0284DC0228D4922900830893 /* DiscoveryRepository.swift */; };
		029242E72AE6978400A940EC /* UpdateRequiredView.swift in Sources */ = {isa = PBXBuildFile; fileRef = 029242E62AE6978400A940EC /* UpdateRequiredView.swift */; };
		029242E92AE6A3AB00A940EC /* UpdateRecommendedView.swift in Sources */ = {isa = PBXBuildFile; fileRef = 029242E82AE6A3AB00A940EC /* UpdateRecommendedView.swift */; };
		029242EB2AE6AB7B00A940EC /* UpdateNotificationView.swift in Sources */ = {isa = PBXBuildFile; fileRef = 029242EA2AE6AB7B00A940EC /* UpdateNotificationView.swift */; };
		029737402949FB070051696B /* DiscoveryCoreModel.xcdatamodeld in Sources */ = {isa = PBXBuildFile; fileRef = 0297373E2949FB070051696B /* DiscoveryCoreModel.xcdatamodeld */; };
		029737422949FB3B0051696B /* DiscoveryPersistenceProtocol.swift in Sources */ = {isa = PBXBuildFile; fileRef = 029737412949FB3B0051696B /* DiscoveryPersistenceProtocol.swift */; };
		02EF39D128D867690058F6BD /* swiftgen.yml in Resources */ = {isa = PBXBuildFile; fileRef = 02EF39D028D867690058F6BD /* swiftgen.yml */; };
		02EF39D728D86A380058F6BD /* Localizable.strings in Resources */ = {isa = PBXBuildFile; fileRef = 02EF39D928D86A380058F6BD /* Localizable.strings */; };
		02EF39DC28D86BEF0058F6BD /* Strings.swift in Sources */ = {isa = PBXBuildFile; fileRef = 02EF39DB28D86BEF0058F6BD /* Strings.swift */; };
		02F1752F2A4DA3B60019CD70 /* DiscoveryAnalytics.swift in Sources */ = {isa = PBXBuildFile; fileRef = 02F1752E2A4DA3B60019CD70 /* DiscoveryAnalytics.swift */; };
		02F3BFDF29252F2F0051930C /* DiscoveryRouter.swift in Sources */ = {isa = PBXBuildFile; fileRef = 02F3BFDE29252F2F0051930C /* DiscoveryRouter.swift */; };
		072787AD28D34D15002E9142 /* Core.framework in Frameworks */ = {isa = PBXBuildFile; fileRef = 072787AC28D34D15002E9142 /* Core.framework */; };
		1402A0C92B61012F00A0A00B /* ProgramWebviewView.swift in Sources */ = {isa = PBXBuildFile; fileRef = 1402A0C72B61012F00A0A00B /* ProgramWebviewView.swift */; };
		1402A0CA2B61012F00A0A00B /* ProgramWebviewViewModel.swift in Sources */ = {isa = PBXBuildFile; fileRef = 1402A0C82B61012F00A0A00B /* ProgramWebviewViewModel.swift */; };
		63C6E9CBBF5E33B8B9B4DFEC /* Pods_App_Discovery_DiscoveryUnitTests.framework in Frameworks */ = {isa = PBXBuildFile; fileRef = 780FC373E1D479E58870BD85 /* Pods_App_Discovery_DiscoveryUnitTests.framework */; };
		9F47BCC672941A9854404EC7 /* Pods_App_Discovery.framework in Frameworks */ = {isa = PBXBuildFile; fileRef = 919E55130969D91EF03C4C0B /* Pods_App_Discovery.framework */; };
		CFC8494C299A66080055E497 /* Localizable.stringsdict in Resources */ = {isa = PBXBuildFile; fileRef = CFC8494E299A66080055E497 /* Localizable.stringsdict */; };
		CFC84950299BE52C0055E497 /* SearchViewModelTests.swift in Sources */ = {isa = PBXBuildFile; fileRef = CFC8494F299BE52C0055E497 /* SearchViewModelTests.swift */; };
		E0B9F69C2B4D57F800168366 /* SearchView.swift in Sources */ = {isa = PBXBuildFile; fileRef = E0B9F6962B4D57F800168366 /* SearchView.swift */; };
		E0B9F69D2B4D57F800168366 /* DiscoveryViewModel.swift in Sources */ = {isa = PBXBuildFile; fileRef = E0B9F6972B4D57F800168366 /* DiscoveryViewModel.swift */; };
		E0B9F69E2B4D57F800168366 /* CourseDetailsView.swift in Sources */ = {isa = PBXBuildFile; fileRef = E0B9F6982B4D57F800168366 /* CourseDetailsView.swift */; };
		E0B9F69F2B4D57F800168366 /* SearchViewModel.swift in Sources */ = {isa = PBXBuildFile; fileRef = E0B9F6992B4D57F800168366 /* SearchViewModel.swift */; };
		E0B9F6A02B4D57F800168366 /* DiscoveryView.swift in Sources */ = {isa = PBXBuildFile; fileRef = E0B9F69A2B4D57F800168366 /* DiscoveryView.swift */; };
		E0B9F6A12B4D57F800168366 /* CourseDetailsViewModel.swift in Sources */ = {isa = PBXBuildFile; fileRef = E0B9F69B2B4D57F800168366 /* CourseDetailsViewModel.swift */; };
		E0B9F6A42B4D59E000168366 /* CourseDetails.swift in Sources */ = {isa = PBXBuildFile; fileRef = E0B9F6A32B4D59E000168366 /* CourseDetails.swift */; };
		E0B9F6A62B4D620100168366 /* Data_CourseDetailsResponse.swift in Sources */ = {isa = PBXBuildFile; fileRef = E0B9F6A52B4D620100168366 /* Data_CourseDetailsResponse.swift */; };
		E0B9F6AB2B4E718F00168366 /* CourseDetailsViewModelTests.swift in Sources */ = {isa = PBXBuildFile; fileRef = E0B9F6AA2B4E718F00168366 /* CourseDetailsViewModelTests.swift */; };
		E0D586202B300095009B4BA7 /* DiscoveryWebviewViewModel.swift in Sources */ = {isa = PBXBuildFile; fileRef = E0D5861E2B300095009B4BA7 /* DiscoveryWebviewViewModel.swift */; };
		E0D586212B300095009B4BA7 /* DiscoveryWebview.swift in Sources */ = {isa = PBXBuildFile; fileRef = E0D5861F2B300095009B4BA7 /* DiscoveryWebview.swift */; };
		E0D586232B3000AD009B4BA7 /* DiscoveryURIDetails.swift in Sources */ = {isa = PBXBuildFile; fileRef = E0D586222B3000AD009B4BA7 /* DiscoveryURIDetails.swift */; };
		E0D586252B300134009B4BA7 /* URL+PathExtension.swift in Sources */ = {isa = PBXBuildFile; fileRef = E0D586242B300134009B4BA7 /* URL+PathExtension.swift */; };
/* End PBXBuildFile section */

/* Begin PBXContainerItemProxy section */
		022D048C2976D7E100E0059B /* PBXContainerItemProxy */ = {
			isa = PBXContainerItemProxy;
			containerPortal = 0727879028D34C03002E9142 /* Project object */;
			proxyType = 1;
			remoteGlobalIDString = 0727879828D34C03002E9142;
			remoteInfo = Discovery;
		};
/* End PBXContainerItemProxy section */

/* Begin PBXFileReference section */
		022D04872976D7E100E0059B /* DiscoveryUnitTests.xctest */ = {isa = PBXFileReference; explicitFileType = wrapper.cfbundle; includeInIndex = 0; path = DiscoveryUnitTests.xctest; sourceTree = BUILT_PRODUCTS_DIR; };
		022D04892976D7E100E0059B /* DiscoveryViewModelTests.swift */ = {isa = PBXFileReference; lastKnownFileType = sourcecode.swift; path = DiscoveryViewModelTests.swift; sourceTree = "<group>"; };
		022D04972976DA8A00E0059B /* DiscoveryMock.generated.swift */ = {isa = PBXFileReference; fileEncoding = 4; lastKnownFileType = sourcecode.swift; name = DiscoveryMock.generated.swift; path = DiscoveryTests/DiscoveryMock.generated.swift; sourceTree = SOURCE_ROOT; };
		0283347628D499BC00C828FC /* DiscoveryInteractor.swift */ = {isa = PBXFileReference; lastKnownFileType = sourcecode.swift; path = DiscoveryInteractor.swift; sourceTree = "<group>"; };
		0284DBFB28D4856A00830893 /* DiscoveryEndpoint.swift */ = {isa = PBXFileReference; lastKnownFileType = sourcecode.swift; path = DiscoveryEndpoint.swift; sourceTree = "<group>"; };
		0284DC0228D4922900830893 /* DiscoveryRepository.swift */ = {isa = PBXFileReference; lastKnownFileType = sourcecode.swift; path = DiscoveryRepository.swift; sourceTree = "<group>"; };
		029242E62AE6978400A940EC /* UpdateRequiredView.swift */ = {isa = PBXFileReference; lastKnownFileType = sourcecode.swift; path = UpdateRequiredView.swift; sourceTree = "<group>"; };
		029242E82AE6A3AB00A940EC /* UpdateRecommendedView.swift */ = {isa = PBXFileReference; lastKnownFileType = sourcecode.swift; path = UpdateRecommendedView.swift; sourceTree = "<group>"; };
		029242EA2AE6AB7B00A940EC /* UpdateNotificationView.swift */ = {isa = PBXFileReference; lastKnownFileType = sourcecode.swift; path = UpdateNotificationView.swift; sourceTree = "<group>"; };
		0297373F2949FB070051696B /* DiscoveryCoreModel.xcdatamodel */ = {isa = PBXFileReference; lastKnownFileType = wrapper.xcdatamodel; path = DiscoveryCoreModel.xcdatamodel; sourceTree = "<group>"; };
		029737412949FB3B0051696B /* DiscoveryPersistenceProtocol.swift */ = {isa = PBXFileReference; lastKnownFileType = sourcecode.swift; path = DiscoveryPersistenceProtocol.swift; sourceTree = "<group>"; };
		02ED50C729A649C9008341CD /* uk */ = {isa = PBXFileReference; lastKnownFileType = text.plist.strings; name = uk; path = uk.lproj/Localizable.strings; sourceTree = "<group>"; };
		02ED50C829A649C9008341CD /* uk */ = {isa = PBXFileReference; lastKnownFileType = text.plist.stringsdict; name = uk; path = uk.lproj/Localizable.stringsdict; sourceTree = "<group>"; };
		02EF39D028D867690058F6BD /* swiftgen.yml */ = {isa = PBXFileReference; fileEncoding = 4; lastKnownFileType = text.yaml; path = swiftgen.yml; sourceTree = "<group>"; };
		02EF39D828D86A380058F6BD /* en */ = {isa = PBXFileReference; lastKnownFileType = text.plist.strings; name = en; path = en.lproj/Localizable.strings; sourceTree = "<group>"; };
		02EF39DB28D86BEF0058F6BD /* Strings.swift */ = {isa = PBXFileReference; fileEncoding = 4; lastKnownFileType = sourcecode.swift; path = Strings.swift; sourceTree = "<group>"; };
		02F1752E2A4DA3B60019CD70 /* DiscoveryAnalytics.swift */ = {isa = PBXFileReference; lastKnownFileType = sourcecode.swift; path = DiscoveryAnalytics.swift; sourceTree = "<group>"; };
		02F3BFDE29252F2F0051930C /* DiscoveryRouter.swift */ = {isa = PBXFileReference; lastKnownFileType = sourcecode.swift; path = DiscoveryRouter.swift; sourceTree = "<group>"; };
		0692409931272CDA39B10321 /* Pods-App-Discovery.releasestage.xcconfig */ = {isa = PBXFileReference; includeInIndex = 1; lastKnownFileType = text.xcconfig; name = "Pods-App-Discovery.releasestage.xcconfig"; path = "Target Support Files/Pods-App-Discovery/Pods-App-Discovery.releasestage.xcconfig"; sourceTree = "<group>"; };
		0727879928D34C03002E9142 /* Discovery.framework */ = {isa = PBXFileReference; explicitFileType = wrapper.framework; includeInIndex = 0; path = Discovery.framework; sourceTree = BUILT_PRODUCTS_DIR; };
		072787AC28D34D15002E9142 /* Core.framework */ = {isa = PBXFileReference; explicitFileType = wrapper.framework; path = Core.framework; sourceTree = BUILT_PRODUCTS_DIR; };
		0C3850985F33C1AD72BF1B04 /* Pods-App-Discovery.release.xcconfig */ = {isa = PBXFileReference; includeInIndex = 1; lastKnownFileType = text.xcconfig; name = "Pods-App-Discovery.release.xcconfig"; path = "Target Support Files/Pods-App-Discovery/Pods-App-Discovery.release.xcconfig"; sourceTree = "<group>"; };
		1402A0C72B61012F00A0A00B /* ProgramWebviewView.swift */ = {isa = PBXFileReference; fileEncoding = 4; lastKnownFileType = sourcecode.swift; path = ProgramWebviewView.swift; sourceTree = "<group>"; };
		1402A0C82B61012F00A0A00B /* ProgramWebviewViewModel.swift */ = {isa = PBXFileReference; fileEncoding = 4; lastKnownFileType = sourcecode.swift; path = ProgramWebviewViewModel.swift; sourceTree = "<group>"; };
		2334C76D248D0A95634AFFD9 /* Pods-App-Discovery-DiscoveryUnitTests.debugstage.xcconfig */ = {isa = PBXFileReference; includeInIndex = 1; lastKnownFileType = text.xcconfig; name = "Pods-App-Discovery-DiscoveryUnitTests.debugstage.xcconfig"; path = "Target Support Files/Pods-App-Discovery-DiscoveryUnitTests/Pods-App-Discovery-DiscoveryUnitTests.debugstage.xcconfig"; sourceTree = "<group>"; };
		2760B1F234E01FFCB73F41C2 /* Pods-App-Discovery.debug.xcconfig */ = {isa = PBXFileReference; includeInIndex = 1; lastKnownFileType = text.xcconfig; name = "Pods-App-Discovery.debug.xcconfig"; path = "Target Support Files/Pods-App-Discovery/Pods-App-Discovery.debug.xcconfig"; sourceTree = "<group>"; };
		445F0675BF0E1DEB78F3CE73 /* Pods-App-Discovery-DiscoveryUnitTests.releasedev.xcconfig */ = {isa = PBXFileReference; includeInIndex = 1; lastKnownFileType = text.xcconfig; name = "Pods-App-Discovery-DiscoveryUnitTests.releasedev.xcconfig"; path = "Target Support Files/Pods-App-Discovery-DiscoveryUnitTests/Pods-App-Discovery-DiscoveryUnitTests.releasedev.xcconfig"; sourceTree = "<group>"; };
		4786022BA3ED2D55DD0E5C8F /* Pods-App-Discovery.debugdev.xcconfig */ = {isa = PBXFileReference; includeInIndex = 1; lastKnownFileType = text.xcconfig; name = "Pods-App-Discovery.debugdev.xcconfig"; path = "Target Support Files/Pods-App-Discovery/Pods-App-Discovery.debugdev.xcconfig"; sourceTree = "<group>"; };
		57E62A3FCA858F5A1FF77347 /* Pods-App-Discovery.releaseprod.xcconfig */ = {isa = PBXFileReference; includeInIndex = 1; lastKnownFileType = text.xcconfig; name = "Pods-App-Discovery.releaseprod.xcconfig"; path = "Target Support Files/Pods-App-Discovery/Pods-App-Discovery.releaseprod.xcconfig"; sourceTree = "<group>"; };
		617697245CE8F67AF2BBE250 /* Pods-App-Discovery.debugprod.xcconfig */ = {isa = PBXFileReference; includeInIndex = 1; lastKnownFileType = text.xcconfig; name = "Pods-App-Discovery.debugprod.xcconfig"; path = "Target Support Files/Pods-App-Discovery/Pods-App-Discovery.debugprod.xcconfig"; sourceTree = "<group>"; };
		69F97EEB323CA56E818CD6C4 /* Pods-App-Discovery-DiscoveryUnitTests.debugprod.xcconfig */ = {isa = PBXFileReference; includeInIndex = 1; lastKnownFileType = text.xcconfig; name = "Pods-App-Discovery-DiscoveryUnitTests.debugprod.xcconfig"; path = "Target Support Files/Pods-App-Discovery-DiscoveryUnitTests/Pods-App-Discovery-DiscoveryUnitTests.debugprod.xcconfig"; sourceTree = "<group>"; };
		780FC373E1D479E58870BD85 /* Pods_App_Discovery_DiscoveryUnitTests.framework */ = {isa = PBXFileReference; explicitFileType = wrapper.framework; includeInIndex = 0; path = Pods_App_Discovery_DiscoveryUnitTests.framework; sourceTree = BUILT_PRODUCTS_DIR; };
		836BEF3BBFF8FD02C62D862C /* Pods-App-Discovery.debugstage.xcconfig */ = {isa = PBXFileReference; includeInIndex = 1; lastKnownFileType = text.xcconfig; name = "Pods-App-Discovery.debugstage.xcconfig"; path = "Target Support Files/Pods-App-Discovery/Pods-App-Discovery.debugstage.xcconfig"; sourceTree = "<group>"; };
		83FB998DD9C5B57B61B88170 /* Pods-App-Discovery-DiscoveryUnitTests.releasestage.xcconfig */ = {isa = PBXFileReference; includeInIndex = 1; lastKnownFileType = text.xcconfig; name = "Pods-App-Discovery-DiscoveryUnitTests.releasestage.xcconfig"; path = "Target Support Files/Pods-App-Discovery-DiscoveryUnitTests/Pods-App-Discovery-DiscoveryUnitTests.releasestage.xcconfig"; sourceTree = "<group>"; };
		919E55130969D91EF03C4C0B /* Pods_App_Discovery.framework */ = {isa = PBXFileReference; explicitFileType = wrapper.framework; includeInIndex = 0; path = Pods_App_Discovery.framework; sourceTree = BUILT_PRODUCTS_DIR; };
		9F968F74AD7F4B5F6E5A6084 /* Pods-App-Discovery-DiscoveryUnitTests.debugdev.xcconfig */ = {isa = PBXFileReference; includeInIndex = 1; lastKnownFileType = text.xcconfig; name = "Pods-App-Discovery-DiscoveryUnitTests.debugdev.xcconfig"; path = "Target Support Files/Pods-App-Discovery-DiscoveryUnitTests/Pods-App-Discovery-DiscoveryUnitTests.debugdev.xcconfig"; sourceTree = "<group>"; };
		AAC0D83F5D34491E9FABCABC /* Pods-App-Discovery-DiscoveryUnitTests.debug.xcconfig */ = {isa = PBXFileReference; includeInIndex = 1; lastKnownFileType = text.xcconfig; name = "Pods-App-Discovery-DiscoveryUnitTests.debug.xcconfig"; path = "Target Support Files/Pods-App-Discovery-DiscoveryUnitTests/Pods-App-Discovery-DiscoveryUnitTests.debug.xcconfig"; sourceTree = "<group>"; };
		CFC8494D299A66080055E497 /* en */ = {isa = PBXFileReference; lastKnownFileType = text.plist.stringsdict; name = en; path = en.lproj/Localizable.stringsdict; sourceTree = "<group>"; };
		CFC8494F299BE52C0055E497 /* SearchViewModelTests.swift */ = {isa = PBXFileReference; lastKnownFileType = sourcecode.swift; path = SearchViewModelTests.swift; sourceTree = "<group>"; };
		E08D12E22B482D720096311A /* Course.framework */ = {isa = PBXFileReference; explicitFileType = wrapper.framework; path = Course.framework; sourceTree = BUILT_PRODUCTS_DIR; };
		E0B9F6962B4D57F800168366 /* SearchView.swift */ = {isa = PBXFileReference; fileEncoding = 4; lastKnownFileType = sourcecode.swift; path = SearchView.swift; sourceTree = "<group>"; };
		E0B9F6972B4D57F800168366 /* DiscoveryViewModel.swift */ = {isa = PBXFileReference; fileEncoding = 4; lastKnownFileType = sourcecode.swift; path = DiscoveryViewModel.swift; sourceTree = "<group>"; };
		E0B9F6982B4D57F800168366 /* CourseDetailsView.swift */ = {isa = PBXFileReference; fileEncoding = 4; lastKnownFileType = sourcecode.swift; path = CourseDetailsView.swift; sourceTree = "<group>"; };
		E0B9F6992B4D57F800168366 /* SearchViewModel.swift */ = {isa = PBXFileReference; fileEncoding = 4; lastKnownFileType = sourcecode.swift; path = SearchViewModel.swift; sourceTree = "<group>"; };
		E0B9F69A2B4D57F800168366 /* DiscoveryView.swift */ = {isa = PBXFileReference; fileEncoding = 4; lastKnownFileType = sourcecode.swift; path = DiscoveryView.swift; sourceTree = "<group>"; };
		E0B9F69B2B4D57F800168366 /* CourseDetailsViewModel.swift */ = {isa = PBXFileReference; fileEncoding = 4; lastKnownFileType = sourcecode.swift; path = CourseDetailsViewModel.swift; sourceTree = "<group>"; };
		E0B9F6A32B4D59E000168366 /* CourseDetails.swift */ = {isa = PBXFileReference; fileEncoding = 4; lastKnownFileType = sourcecode.swift; path = CourseDetails.swift; sourceTree = "<group>"; };
		E0B9F6A52B4D620100168366 /* Data_CourseDetailsResponse.swift */ = {isa = PBXFileReference; fileEncoding = 4; lastKnownFileType = sourcecode.swift; path = Data_CourseDetailsResponse.swift; sourceTree = "<group>"; };
		E0B9F6AA2B4E718F00168366 /* CourseDetailsViewModelTests.swift */ = {isa = PBXFileReference; fileEncoding = 4; lastKnownFileType = sourcecode.swift; path = CourseDetailsViewModelTests.swift; sourceTree = "<group>"; };
		E0D586132B29F25A009B4BA7 /* Authorization.framework */ = {isa = PBXFileReference; explicitFileType = wrapper.framework; path = Authorization.framework; sourceTree = BUILT_PRODUCTS_DIR; };
		E0D5861E2B300095009B4BA7 /* DiscoveryWebviewViewModel.swift */ = {isa = PBXFileReference; fileEncoding = 4; lastKnownFileType = sourcecode.swift; path = DiscoveryWebviewViewModel.swift; sourceTree = "<group>"; };
		E0D5861F2B300095009B4BA7 /* DiscoveryWebview.swift */ = {isa = PBXFileReference; fileEncoding = 4; lastKnownFileType = sourcecode.swift; path = DiscoveryWebview.swift; sourceTree = "<group>"; };
		E0D586222B3000AD009B4BA7 /* DiscoveryURIDetails.swift */ = {isa = PBXFileReference; lastKnownFileType = sourcecode.swift; path = DiscoveryURIDetails.swift; sourceTree = "<group>"; };
		E0D586242B300134009B4BA7 /* URL+PathExtension.swift */ = {isa = PBXFileReference; lastKnownFileType = sourcecode.swift; path = "URL+PathExtension.swift"; sourceTree = "<group>"; };
		E0D586282B302C3A009B4BA7 /* Info.plist */ = {isa = PBXFileReference; lastKnownFileType = text.plist; path = Info.plist; sourceTree = "<group>"; };
		E192F9B4A7EECED9665AB8A7 /* Pods-App-Discovery.releasedev.xcconfig */ = {isa = PBXFileReference; includeInIndex = 1; lastKnownFileType = text.xcconfig; name = "Pods-App-Discovery.releasedev.xcconfig"; path = "Target Support Files/Pods-App-Discovery/Pods-App-Discovery.releasedev.xcconfig"; sourceTree = "<group>"; };
		F340BD73D38B0DF9E4EA6482 /* Pods-App-Discovery-DiscoveryUnitTests.releaseprod.xcconfig */ = {isa = PBXFileReference; includeInIndex = 1; lastKnownFileType = text.xcconfig; name = "Pods-App-Discovery-DiscoveryUnitTests.releaseprod.xcconfig"; path = "Target Support Files/Pods-App-Discovery-DiscoveryUnitTests/Pods-App-Discovery-DiscoveryUnitTests.releaseprod.xcconfig"; sourceTree = "<group>"; };
		FF565519B9BBC73E92249648 /* Pods-App-Discovery-DiscoveryUnitTests.release.xcconfig */ = {isa = PBXFileReference; includeInIndex = 1; lastKnownFileType = text.xcconfig; name = "Pods-App-Discovery-DiscoveryUnitTests.release.xcconfig"; path = "Target Support Files/Pods-App-Discovery-DiscoveryUnitTests/Pods-App-Discovery-DiscoveryUnitTests.release.xcconfig"; sourceTree = "<group>"; };
/* End PBXFileReference section */

/* Begin PBXFrameworksBuildPhase section */
		022D04842976D7E100E0059B /* Frameworks */ = {
			isa = PBXFrameworksBuildPhase;
			buildActionMask = 2147483647;
			files = (
				022D048B2976D7E100E0059B /* Discovery.framework in Frameworks */,
				63C6E9CBBF5E33B8B9B4DFEC /* Pods_App_Discovery_DiscoveryUnitTests.framework in Frameworks */,
			);
			runOnlyForDeploymentPostprocessing = 0;
		};
		0727879628D34C03002E9142 /* Frameworks */ = {
			isa = PBXFrameworksBuildPhase;
			buildActionMask = 2147483647;
			files = (
				072787AD28D34D15002E9142 /* Core.framework in Frameworks */,
				9F47BCC672941A9854404EC7 /* Pods_App_Discovery.framework in Frameworks */,
			);
			runOnlyForDeploymentPostprocessing = 0;
		};
/* End PBXFrameworksBuildPhase section */

/* Begin PBXGroup section */
		0208666829CC6CD600BC05B2 /* Persistence */ = {
			isa = PBXGroup;
			children = (
				029737412949FB3B0051696B /* DiscoveryPersistenceProtocol.swift */,
				0297373E2949FB070051696B /* DiscoveryCoreModel.xcdatamodeld */,
			);
			path = Persistence;
			sourceTree = "<group>";
		};
		022D04882976D7E100E0059B /* DiscoveryTests */ = {
			isa = PBXGroup;
			children = (
				0766DFD1299AD97300EBEF6A /* Presentation */,
				022D04972976DA8A00E0059B /* DiscoveryMock.generated.swift */,
			);
			path = DiscoveryTests;
			sourceTree = "<group>";
		};
		0284DBF828D4831000830893 /* Data */ = {
			isa = PBXGroup;
			children = (
				E0B9F6A22B4D59E000168366 /* Model */,
				0284DBFA28D4832D00830893 /* Network */,
				0284DC0228D4922900830893 /* DiscoveryRepository.swift */,
				0208666829CC6CD600BC05B2 /* Persistence */,
			);
			path = Data;
			sourceTree = "<group>";
		};
		0284DBFA28D4832D00830893 /* Network */ = {
			isa = PBXGroup;
			children = (
				0284DBFB28D4856A00830893 /* DiscoveryEndpoint.swift */,
			);
			path = Network;
			sourceTree = "<group>";
		};
		0284DC0428D4996F00830893 /* Domain */ = {
			isa = PBXGroup;
			children = (
				0283347628D499BC00C828FC /* DiscoveryInteractor.swift */,
			);
			path = Domain;
			sourceTree = "<group>";
		};
		029242E52AE6976E00A940EC /* UpdateViews */ = {
			isa = PBXGroup;
			children = (
				029242E62AE6978400A940EC /* UpdateRequiredView.swift */,
				029242E82AE6A3AB00A940EC /* UpdateRecommendedView.swift */,
				029242EA2AE6AB7B00A940EC /* UpdateNotificationView.swift */,
			);
			path = UpdateViews;
			sourceTree = "<group>";
		};
		02EF39CB28D866C50058F6BD /* SwiftGen */ = {
			isa = PBXGroup;
			children = (
				02EF39DB28D86BEF0058F6BD /* Strings.swift */,
			);
			path = SwiftGen;
			sourceTree = "<group>";
		};
		070019A228F6EF2700D5FC78 /* Presentation */ = {
			isa = PBXGroup;
			children = (
				1402A0C62B61011D00A0A00B /* WebPrograms */,
				E0B9F6952B4D57F800168366 /* NativeDiscovery */,
				E0D5861D2B300095009B4BA7 /* WebDiscovery */,
				029242E52AE6976E00A940EC /* UpdateViews */,
				02F3BFDE29252F2F0051930C /* DiscoveryRouter.swift */,
				02F1752E2A4DA3B60019CD70 /* DiscoveryAnalytics.swift */,
			);
			path = Presentation;
			sourceTree = "<group>";
		};
		0727878F28D34C03002E9142 = {
			isa = PBXGroup;
			children = (
				02EF39D028D867690058F6BD /* swiftgen.yml */,
				0727879B28D34C03002E9142 /* Discovery */,
				022D04882976D7E100E0059B /* DiscoveryTests */,
				0727879A28D34C03002E9142 /* Products */,
				072787AB28D34D15002E9142 /* Frameworks */,
				88B044C704F7C52F249CC424 /* Pods */,
			);
			sourceTree = "<group>";
		};
		0727879A28D34C03002E9142 /* Products */ = {
			isa = PBXGroup;
			children = (
				0727879928D34C03002E9142 /* Discovery.framework */,
				022D04872976D7E100E0059B /* DiscoveryUnitTests.xctest */,
			);
			name = Products;
			sourceTree = "<group>";
		};
		0727879B28D34C03002E9142 /* Discovery */ = {
			isa = PBXGroup;
			children = (
				E0D586282B302C3A009B4BA7 /* Info.plist */,
				02EF39CB28D866C50058F6BD /* SwiftGen */,
				0284DBF828D4831000830893 /* Data */,
				0284DC0428D4996F00830893 /* Domain */,
				070019A228F6EF2700D5FC78 /* Presentation */,
				02EF39D928D86A380058F6BD /* Localizable.strings */,
				CFC8494E299A66080055E497 /* Localizable.stringsdict */,
			);
			path = Discovery;
			sourceTree = "<group>";
		};
		072787AB28D34D15002E9142 /* Frameworks */ = {
			isa = PBXGroup;
			children = (
				E08D12E22B482D720096311A /* Course.framework */,
				E0D586132B29F25A009B4BA7 /* Authorization.framework */,
				072787AC28D34D15002E9142 /* Core.framework */,
				919E55130969D91EF03C4C0B /* Pods_App_Discovery.framework */,
				780FC373E1D479E58870BD85 /* Pods_App_Discovery_DiscoveryUnitTests.framework */,
			);
			name = Frameworks;
			sourceTree = "<group>";
		};
		0766DFD1299AD97300EBEF6A /* Presentation */ = {
			isa = PBXGroup;
			children = (
				E0B9F6AA2B4E718F00168366 /* CourseDetailsViewModelTests.swift */,
				022D04892976D7E100E0059B /* DiscoveryViewModelTests.swift */,
				CFC8494F299BE52C0055E497 /* SearchViewModelTests.swift */,
			);
			path = Presentation;
			sourceTree = "<group>";
		};
		1402A0C62B61011D00A0A00B /* WebPrograms */ = {
			isa = PBXGroup;
			children = (
				1402A0C72B61012F00A0A00B /* ProgramWebviewView.swift */,
				1402A0C82B61012F00A0A00B /* ProgramWebviewViewModel.swift */,
			);
			path = WebPrograms;
			sourceTree = "<group>";
		};
		88B044C704F7C52F249CC424 /* Pods */ = {
			isa = PBXGroup;
			children = (
				2760B1F234E01FFCB73F41C2 /* Pods-App-Discovery.debug.xcconfig */,
				4786022BA3ED2D55DD0E5C8F /* Pods-App-Discovery.debugdev.xcconfig */,
				617697245CE8F67AF2BBE250 /* Pods-App-Discovery.debugprod.xcconfig */,
				0C3850985F33C1AD72BF1B04 /* Pods-App-Discovery.release.xcconfig */,
				E192F9B4A7EECED9665AB8A7 /* Pods-App-Discovery.releasedev.xcconfig */,
				57E62A3FCA858F5A1FF77347 /* Pods-App-Discovery.releaseprod.xcconfig */,
				AAC0D83F5D34491E9FABCABC /* Pods-App-Discovery-DiscoveryUnitTests.debug.xcconfig */,
				9F968F74AD7F4B5F6E5A6084 /* Pods-App-Discovery-DiscoveryUnitTests.debugdev.xcconfig */,
				69F97EEB323CA56E818CD6C4 /* Pods-App-Discovery-DiscoveryUnitTests.debugprod.xcconfig */,
				FF565519B9BBC73E92249648 /* Pods-App-Discovery-DiscoveryUnitTests.release.xcconfig */,
				445F0675BF0E1DEB78F3CE73 /* Pods-App-Discovery-DiscoveryUnitTests.releasedev.xcconfig */,
				F340BD73D38B0DF9E4EA6482 /* Pods-App-Discovery-DiscoveryUnitTests.releaseprod.xcconfig */,
				836BEF3BBFF8FD02C62D862C /* Pods-App-Discovery.debugstage.xcconfig */,
				0692409931272CDA39B10321 /* Pods-App-Discovery.releasestage.xcconfig */,
				2334C76D248D0A95634AFFD9 /* Pods-App-Discovery-DiscoveryUnitTests.debugstage.xcconfig */,
				83FB998DD9C5B57B61B88170 /* Pods-App-Discovery-DiscoveryUnitTests.releasestage.xcconfig */,
			);
			name = Pods;
			path = ../Pods;
			sourceTree = "<group>";
		};
		E0B9F6952B4D57F800168366 /* NativeDiscovery */ = {
			isa = PBXGroup;
			children = (
				E0B9F6962B4D57F800168366 /* SearchView.swift */,
				E0B9F6972B4D57F800168366 /* DiscoveryViewModel.swift */,
				E0B9F6982B4D57F800168366 /* CourseDetailsView.swift */,
				E0B9F6992B4D57F800168366 /* SearchViewModel.swift */,
				E0B9F69A2B4D57F800168366 /* DiscoveryView.swift */,
				E0B9F69B2B4D57F800168366 /* CourseDetailsViewModel.swift */,
			);
			path = NativeDiscovery;
			sourceTree = "<group>";
		};
		E0B9F6A22B4D59E000168366 /* Model */ = {
			isa = PBXGroup;
			children = (
				E0B9F6A52B4D620100168366 /* Data_CourseDetailsResponse.swift */,
				E0B9F6A32B4D59E000168366 /* CourseDetails.swift */,
			);
			path = Model;
			sourceTree = "<group>";
		};
		E0D5861D2B300095009B4BA7 /* WebDiscovery */ = {
			isa = PBXGroup;
			children = (
				E0D5861E2B300095009B4BA7 /* DiscoveryWebviewViewModel.swift */,
				E0D5861F2B300095009B4BA7 /* DiscoveryWebview.swift */,
				E0D586222B3000AD009B4BA7 /* DiscoveryURIDetails.swift */,
				E0D586242B300134009B4BA7 /* URL+PathExtension.swift */,
			);
			path = WebDiscovery;
			sourceTree = "<group>";
		};
/* End PBXGroup section */

/* Begin PBXHeadersBuildPhase section */
		0727879428D34C03002E9142 /* Headers */ = {
			isa = PBXHeadersBuildPhase;
			buildActionMask = 2147483647;
			files = (
			);
			runOnlyForDeploymentPostprocessing = 0;
		};
/* End PBXHeadersBuildPhase section */

/* Begin PBXNativeTarget section */
		022D04862976D7E100E0059B /* DiscoveryUnitTests */ = {
			isa = PBXNativeTarget;
			buildConfigurationList = 022D04942976D7E100E0059B /* Build configuration list for PBXNativeTarget "DiscoveryUnitTests" */;
			buildPhases = (
				5C26B6AE74177E069E1E3CEB /* [CP] Check Pods Manifest.lock */,
				022D04832976D7E100E0059B /* Sources */,
				022D04842976D7E100E0059B /* Frameworks */,
				022D04852976D7E100E0059B /* Resources */,
				7A53F60C849FA0F910D22A82 /* [CP] Copy Pods Resources */,
			);
			buildRules = (
			);
			dependencies = (
				022D048D2976D7E100E0059B /* PBXTargetDependency */,
			);
			name = DiscoveryUnitTests;
			productName = DiscoveryUnitTests;
			productReference = 022D04872976D7E100E0059B /* DiscoveryUnitTests.xctest */;
			productType = "com.apple.product-type.bundle.unit-test";
		};
		0727879828D34C03002E9142 /* Discovery */ = {
			isa = PBXNativeTarget;
			buildConfigurationList = 072787A028D34C03002E9142 /* Build configuration list for PBXNativeTarget "Discovery" */;
			buildPhases = (
				CD2104C69B21D34605FA0B30 /* [CP] Check Pods Manifest.lock */,
				0727879428D34C03002E9142 /* Headers */,
				02EF39DA28D86BA10058F6BD /* SwiftGen */,
				0727879528D34C03002E9142 /* Sources */,
				0727879628D34C03002E9142 /* Frameworks */,
				0727879728D34C03002E9142 /* Resources */,
			);
			buildRules = (
			);
			dependencies = (
			);
			name = Discovery;
			productName = Discovery;
			productReference = 0727879928D34C03002E9142 /* Discovery.framework */;
			productType = "com.apple.product-type.framework";
		};
/* End PBXNativeTarget section */

/* Begin PBXProject section */
		0727879028D34C03002E9142 /* Project object */ = {
			isa = PBXProject;
			attributes = {
				BuildIndependentTargetsInParallel = 1;
				LastSwiftUpdateCheck = 1410;
				LastUpgradeCheck = 1400;
				TargetAttributes = {
					022D04862976D7E100E0059B = {
						CreatedOnToolsVersion = 14.1;
					};
					0727879828D34C03002E9142 = {
						CreatedOnToolsVersion = 14.0;
						LastSwiftMigration = 1400;
					};
				};
			};
			buildConfigurationList = 0727879328D34C03002E9142 /* Build configuration list for PBXProject "Discovery" */;
			compatibilityVersion = "Xcode 13.0";
			developmentRegion = en;
			hasScannedForEncodings = 0;
			knownRegions = (
				en,
				Base,
				uk,
			);
			mainGroup = 0727878F28D34C03002E9142;
			productRefGroup = 0727879A28D34C03002E9142 /* Products */;
			projectDirPath = "";
			projectRoot = "";
			targets = (
				0727879828D34C03002E9142 /* Discovery */,
				022D04862976D7E100E0059B /* DiscoveryUnitTests */,
			);
		};
/* End PBXProject section */

/* Begin PBXResourcesBuildPhase section */
		022D04852976D7E100E0059B /* Resources */ = {
			isa = PBXResourcesBuildPhase;
			buildActionMask = 2147483647;
			files = (
			);
			runOnlyForDeploymentPostprocessing = 0;
		};
		0727879728D34C03002E9142 /* Resources */ = {
			isa = PBXResourcesBuildPhase;
			buildActionMask = 2147483647;
			files = (
				02EF39D128D867690058F6BD /* swiftgen.yml in Resources */,
				02EF39D728D86A380058F6BD /* Localizable.strings in Resources */,
				CFC8494C299A66080055E497 /* Localizable.stringsdict in Resources */,
			);
			runOnlyForDeploymentPostprocessing = 0;
		};
/* End PBXResourcesBuildPhase section */

/* Begin PBXShellScriptBuildPhase section */
		02EF39DA28D86BA10058F6BD /* SwiftGen */ = {
			isa = PBXShellScriptBuildPhase;
			buildActionMask = 2147483647;
			files = (
			);
			inputFileListPaths = (
			);
			inputPaths = (
			);
			name = SwiftGen;
			outputFileListPaths = (
			);
			outputPaths = (
			);
			runOnlyForDeploymentPostprocessing = 0;
			shellPath = /bin/sh;
			shellScript = "if [[ -f \"${PODS_ROOT}/SwiftGen/bin/swiftgen\" ]]; then\n  \"${PODS_ROOT}/SwiftGen/bin/swiftgen\"\nelse\n  echo \"warning: SwiftGen is not installed. Run 'pod install --repo-update' to install it.\"\nfi\n";
		};
		5C26B6AE74177E069E1E3CEB /* [CP] Check Pods Manifest.lock */ = {
			isa = PBXShellScriptBuildPhase;
			buildActionMask = 2147483647;
			files = (
			);
			inputFileListPaths = (
			);
			inputPaths = (
				"${PODS_PODFILE_DIR_PATH}/Podfile.lock",
				"${PODS_ROOT}/Manifest.lock",
			);
			name = "[CP] Check Pods Manifest.lock";
			outputFileListPaths = (
			);
			outputPaths = (
				"$(DERIVED_FILE_DIR)/Pods-App-Discovery-DiscoveryUnitTests-checkManifestLockResult.txt",
			);
			runOnlyForDeploymentPostprocessing = 0;
			shellPath = /bin/sh;
			shellScript = "diff \"${PODS_PODFILE_DIR_PATH}/Podfile.lock\" \"${PODS_ROOT}/Manifest.lock\" > /dev/null\nif [ $? != 0 ] ; then\n    # print error to STDERR\n    echo \"error: The sandbox is not in sync with the Podfile.lock. Run 'pod install' or update your CocoaPods installation.\" >&2\n    exit 1\nfi\n# This output is used by Xcode 'outputs' to avoid re-running this script phase.\necho \"SUCCESS\" > \"${SCRIPT_OUTPUT_FILE_0}\"\n";
			showEnvVarsInLog = 0;
		};
		7A53F60C849FA0F910D22A82 /* [CP] Copy Pods Resources */ = {
			isa = PBXShellScriptBuildPhase;
			buildActionMask = 2147483647;
			files = (
			);
			inputFileListPaths = (
				"${PODS_ROOT}/Target Support Files/Pods-App-Discovery-DiscoveryUnitTests/Pods-App-Discovery-DiscoveryUnitTests-resources-${CONFIGURATION}-input-files.xcfilelist",
			);
			name = "[CP] Copy Pods Resources";
			outputFileListPaths = (
				"${PODS_ROOT}/Target Support Files/Pods-App-Discovery-DiscoveryUnitTests/Pods-App-Discovery-DiscoveryUnitTests-resources-${CONFIGURATION}-output-files.xcfilelist",
			);
			runOnlyForDeploymentPostprocessing = 0;
			shellPath = /bin/sh;
			shellScript = "\"${PODS_ROOT}/Target Support Files/Pods-App-Discovery-DiscoveryUnitTests/Pods-App-Discovery-DiscoveryUnitTests-resources.sh\"\n";
			showEnvVarsInLog = 0;
		};
		CD2104C69B21D34605FA0B30 /* [CP] Check Pods Manifest.lock */ = {
			isa = PBXShellScriptBuildPhase;
			buildActionMask = 2147483647;
			files = (
			);
			inputFileListPaths = (
			);
			inputPaths = (
				"${PODS_PODFILE_DIR_PATH}/Podfile.lock",
				"${PODS_ROOT}/Manifest.lock",
			);
			name = "[CP] Check Pods Manifest.lock";
			outputFileListPaths = (
			);
			outputPaths = (
				"$(DERIVED_FILE_DIR)/Pods-App-Discovery-checkManifestLockResult.txt",
			);
			runOnlyForDeploymentPostprocessing = 0;
			shellPath = /bin/sh;
			shellScript = "diff \"${PODS_PODFILE_DIR_PATH}/Podfile.lock\" \"${PODS_ROOT}/Manifest.lock\" > /dev/null\nif [ $? != 0 ] ; then\n    # print error to STDERR\n    echo \"error: The sandbox is not in sync with the Podfile.lock. Run 'pod install' or update your CocoaPods installation.\" >&2\n    exit 1\nfi\n# This output is used by Xcode 'outputs' to avoid re-running this script phase.\necho \"SUCCESS\" > \"${SCRIPT_OUTPUT_FILE_0}\"\n";
			showEnvVarsInLog = 0;
		};
/* End PBXShellScriptBuildPhase section */

/* Begin PBXSourcesBuildPhase section */
		022D04832976D7E100E0059B /* Sources */ = {
			isa = PBXSourcesBuildPhase;
			buildActionMask = 2147483647;
			files = (
				022D048A2976D7E100E0059B /* DiscoveryViewModelTests.swift in Sources */,
				022D04982976DA8A00E0059B /* DiscoveryMock.generated.swift in Sources */,
				E0B9F6AB2B4E718F00168366 /* CourseDetailsViewModelTests.swift in Sources */,
				CFC84950299BE52C0055E497 /* SearchViewModelTests.swift in Sources */,
			);
			runOnlyForDeploymentPostprocessing = 0;
		};
		0727879528D34C03002E9142 /* Sources */ = {
			isa = PBXSourcesBuildPhase;
			buildActionMask = 2147483647;
			files = (
				029242E92AE6A3AB00A940EC /* UpdateRecommendedView.swift in Sources */,
				E0B9F6A42B4D59E000168366 /* CourseDetails.swift in Sources */,
				0284DBFC28D4856A00830893 /* DiscoveryEndpoint.swift in Sources */,
				029737402949FB070051696B /* DiscoveryCoreModel.xcdatamodeld in Sources */,
				029242E72AE6978400A940EC /* UpdateRequiredView.swift in Sources */,
				E0B9F69F2B4D57F800168366 /* SearchViewModel.swift in Sources */,
				E0B9F69E2B4D57F800168366 /* CourseDetailsView.swift in Sources */,
				E0D586232B3000AD009B4BA7 /* DiscoveryURIDetails.swift in Sources */,
				E0B9F69D2B4D57F800168366 /* DiscoveryViewModel.swift in Sources */,
				0283347728D499BC00C828FC /* DiscoveryInteractor.swift in Sources */,
				E0B9F6A02B4D57F800168366 /* DiscoveryView.swift in Sources */,
				E0B9F6A12B4D57F800168366 /* CourseDetailsViewModel.swift in Sources */,
				02F3BFDF29252F2F0051930C /* DiscoveryRouter.swift in Sources */,
				E0D586252B300134009B4BA7 /* URL+PathExtension.swift in Sources */,
				E0B9F6A62B4D620100168366 /* Data_CourseDetailsResponse.swift in Sources */,
				1402A0C92B61012F00A0A00B /* ProgramWebviewView.swift in Sources */,
				029737422949FB3B0051696B /* DiscoveryPersistenceProtocol.swift in Sources */,
				0284DC0328D4922900830893 /* DiscoveryRepository.swift in Sources */,
				029242EB2AE6AB7B00A940EC /* UpdateNotificationView.swift in Sources */,
				02EF39DC28D86BEF0058F6BD /* Strings.swift in Sources */,
				1402A0CA2B61012F00A0A00B /* ProgramWebviewViewModel.swift in Sources */,
				E0B9F69C2B4D57F800168366 /* SearchView.swift in Sources */,
				E0D586202B300095009B4BA7 /* DiscoveryWebviewViewModel.swift in Sources */,
				02F1752F2A4DA3B60019CD70 /* DiscoveryAnalytics.swift in Sources */,
				E0D586212B300095009B4BA7 /* DiscoveryWebview.swift in Sources */,
			);
			runOnlyForDeploymentPostprocessing = 0;
		};
/* End PBXSourcesBuildPhase section */

/* Begin PBXTargetDependency section */
		022D048D2976D7E100E0059B /* PBXTargetDependency */ = {
			isa = PBXTargetDependency;
			platformFilter = ios;
			target = 0727879828D34C03002E9142 /* Discovery */;
			targetProxy = 022D048C2976D7E100E0059B /* PBXContainerItemProxy */;
		};
/* End PBXTargetDependency section */

/* Begin PBXVariantGroup section */
		02EF39D928D86A380058F6BD /* Localizable.strings */ = {
			isa = PBXVariantGroup;
			children = (
				02EF39D828D86A380058F6BD /* en */,
				02ED50C729A649C9008341CD /* uk */,
			);
			name = Localizable.strings;
			sourceTree = "<group>";
		};
		CFC8494E299A66080055E497 /* Localizable.stringsdict */ = {
			isa = PBXVariantGroup;
			children = (
				CFC8494D299A66080055E497 /* en */,
				02ED50C829A649C9008341CD /* uk */,
			);
			name = Localizable.stringsdict;
			sourceTree = "<group>";
		};
/* End PBXVariantGroup section */

/* Begin XCBuildConfiguration section */
		022D048E2976D7E100E0059B /* Debug */ = {
			isa = XCBuildConfiguration;
			baseConfigurationReference = AAC0D83F5D34491E9FABCABC /* Pods-App-Discovery-DiscoveryUnitTests.debug.xcconfig */;
			buildSettings = {
				CODE_SIGN_STYLE = Automatic;
				CURRENT_PROJECT_VERSION = 1;
				DEVELOPMENT_TEAM = L8PG7LC3Y3;
				GENERATE_INFOPLIST_FILE = YES;
				IPHONEOS_DEPLOYMENT_TARGET = 15.0;
				MACOSX_DEPLOYMENT_TARGET = 12.6;
				MARKETING_VERSION = 1.0;
				PRODUCT_BUNDLE_IDENTIFIER = org.openedx.DiscoveryUnitTests;
				PRODUCT_NAME = "$(TARGET_NAME)";
				SDKROOT = auto;
				SUPPORTED_PLATFORMS = "iphoneos iphonesimulator macosx";
				SWIFT_EMIT_LOC_STRINGS = NO;
				SWIFT_VERSION = 5.0;
				TARGETED_DEVICE_FAMILY = "1,2";
			};
			name = Debug;
		};
		022D048F2976D7E100E0059B /* DebugDev */ = {
			isa = XCBuildConfiguration;
			baseConfigurationReference = 9F968F74AD7F4B5F6E5A6084 /* Pods-App-Discovery-DiscoveryUnitTests.debugdev.xcconfig */;
			buildSettings = {
				CODE_SIGN_STYLE = Automatic;
				CURRENT_PROJECT_VERSION = 1;
				DEVELOPMENT_TEAM = L8PG7LC3Y3;
				GENERATE_INFOPLIST_FILE = YES;
				IPHONEOS_DEPLOYMENT_TARGET = 15.0;
				MACOSX_DEPLOYMENT_TARGET = 12.6;
				MARKETING_VERSION = 1.0;
				PRODUCT_BUNDLE_IDENTIFIER = org.openedx.DiscoveryUnitTests;
				PRODUCT_NAME = "$(TARGET_NAME)";
				SDKROOT = auto;
				SUPPORTED_PLATFORMS = "iphoneos iphonesimulator macosx";
				SWIFT_EMIT_LOC_STRINGS = NO;
				SWIFT_VERSION = 5.0;
				TARGETED_DEVICE_FAMILY = "1,2";
			};
			name = DebugDev;
		};
		022D04902976D7E100E0059B /* DebugProd */ = {
			isa = XCBuildConfiguration;
			baseConfigurationReference = 69F97EEB323CA56E818CD6C4 /* Pods-App-Discovery-DiscoveryUnitTests.debugprod.xcconfig */;
			buildSettings = {
				CODE_SIGN_STYLE = Automatic;
				CURRENT_PROJECT_VERSION = 1;
				DEVELOPMENT_TEAM = L8PG7LC3Y3;
				GENERATE_INFOPLIST_FILE = YES;
				IPHONEOS_DEPLOYMENT_TARGET = 15.0;
				MACOSX_DEPLOYMENT_TARGET = 12.6;
				MARKETING_VERSION = 1.0;
				PRODUCT_BUNDLE_IDENTIFIER = org.openedx.DiscoveryUnitTests;
				PRODUCT_NAME = "$(TARGET_NAME)";
				SDKROOT = auto;
				SUPPORTED_PLATFORMS = "iphoneos iphonesimulator macosx";
				SWIFT_EMIT_LOC_STRINGS = NO;
				SWIFT_VERSION = 5.0;
				TARGETED_DEVICE_FAMILY = "1,2";
			};
			name = DebugProd;
		};
		022D04912976D7E100E0059B /* Release */ = {
			isa = XCBuildConfiguration;
			baseConfigurationReference = FF565519B9BBC73E92249648 /* Pods-App-Discovery-DiscoveryUnitTests.release.xcconfig */;
			buildSettings = {
				CODE_SIGN_STYLE = Automatic;
				CURRENT_PROJECT_VERSION = 1;
				DEVELOPMENT_TEAM = L8PG7LC3Y3;
				GENERATE_INFOPLIST_FILE = YES;
				IPHONEOS_DEPLOYMENT_TARGET = 15.0;
				MACOSX_DEPLOYMENT_TARGET = 12.6;
				MARKETING_VERSION = 1.0;
				PRODUCT_BUNDLE_IDENTIFIER = org.openedx.DiscoveryUnitTests;
				PRODUCT_NAME = "$(TARGET_NAME)";
				SDKROOT = auto;
				SUPPORTED_PLATFORMS = "iphoneos iphonesimulator macosx";
				SWIFT_EMIT_LOC_STRINGS = NO;
				SWIFT_VERSION = 5.0;
				TARGETED_DEVICE_FAMILY = "1,2";
			};
			name = Release;
		};
		022D04922976D7E100E0059B /* ReleaseDev */ = {
			isa = XCBuildConfiguration;
			baseConfigurationReference = 445F0675BF0E1DEB78F3CE73 /* Pods-App-Discovery-DiscoveryUnitTests.releasedev.xcconfig */;
			buildSettings = {
				CODE_SIGN_STYLE = Automatic;
				CURRENT_PROJECT_VERSION = 1;
				DEVELOPMENT_TEAM = L8PG7LC3Y3;
				GENERATE_INFOPLIST_FILE = YES;
				IPHONEOS_DEPLOYMENT_TARGET = 15.0;
				MACOSX_DEPLOYMENT_TARGET = 12.6;
				MARKETING_VERSION = 1.0;
				PRODUCT_BUNDLE_IDENTIFIER = org.openedx.DiscoveryUnitTests;
				PRODUCT_NAME = "$(TARGET_NAME)";
				SDKROOT = auto;
				SUPPORTED_PLATFORMS = "iphoneos iphonesimulator macosx";
				SWIFT_EMIT_LOC_STRINGS = NO;
				SWIFT_VERSION = 5.0;
				TARGETED_DEVICE_FAMILY = "1,2";
			};
			name = ReleaseDev;
		};
		022D04932976D7E100E0059B /* ReleaseProd */ = {
			isa = XCBuildConfiguration;
			baseConfigurationReference = F340BD73D38B0DF9E4EA6482 /* Pods-App-Discovery-DiscoveryUnitTests.releaseprod.xcconfig */;
			buildSettings = {
				CODE_SIGN_STYLE = Automatic;
				CURRENT_PROJECT_VERSION = 1;
				DEVELOPMENT_TEAM = L8PG7LC3Y3;
				GENERATE_INFOPLIST_FILE = YES;
				IPHONEOS_DEPLOYMENT_TARGET = 15.0;
				MACOSX_DEPLOYMENT_TARGET = 12.6;
				MARKETING_VERSION = 1.0;
				PRODUCT_BUNDLE_IDENTIFIER = org.openedx.DiscoveryUnitTests;
				PRODUCT_NAME = "$(TARGET_NAME)";
				SDKROOT = auto;
				SUPPORTED_PLATFORMS = "iphoneos iphonesimulator macosx";
				SWIFT_EMIT_LOC_STRINGS = NO;
				SWIFT_VERSION = 5.0;
				TARGETED_DEVICE_FAMILY = "1,2";
			};
			name = ReleaseProd;
		};
		02DD1CA529E80D1000F35DCE /* DebugStage */ = {
			isa = XCBuildConfiguration;
			buildSettings = {
				ALWAYS_SEARCH_USER_PATHS = NO;
				CLANG_ANALYZER_LOCALIZABILITY_NONLOCALIZED = YES;
				CLANG_ANALYZER_NONNULL = YES;
				CLANG_ANALYZER_NUMBER_OBJECT_CONVERSION = YES_AGGRESSIVE;
				CLANG_CXX_LANGUAGE_STANDARD = "gnu++20";
				CLANG_ENABLE_MODULES = YES;
				CLANG_ENABLE_OBJC_ARC = YES;
				CLANG_ENABLE_OBJC_WEAK = YES;
				CLANG_WARN_BLOCK_CAPTURE_AUTORELEASING = YES;
				CLANG_WARN_BOOL_CONVERSION = YES;
				CLANG_WARN_COMMA = YES;
				CLANG_WARN_CONSTANT_CONVERSION = YES;
				CLANG_WARN_DEPRECATED_OBJC_IMPLEMENTATIONS = YES;
				CLANG_WARN_DIRECT_OBJC_ISA_USAGE = YES_ERROR;
				CLANG_WARN_DOCUMENTATION_COMMENTS = YES;
				CLANG_WARN_EMPTY_BODY = YES;
				CLANG_WARN_ENUM_CONVERSION = YES;
				CLANG_WARN_INFINITE_RECURSION = YES;
				CLANG_WARN_INT_CONVERSION = YES;
				CLANG_WARN_NON_LITERAL_NULL_CONVERSION = YES;
				CLANG_WARN_OBJC_IMPLICIT_RETAIN_SELF = YES;
				CLANG_WARN_OBJC_LITERAL_CONVERSION = YES;
				CLANG_WARN_OBJC_ROOT_CLASS = YES_ERROR;
				CLANG_WARN_QUOTED_INCLUDE_IN_FRAMEWORK_HEADER = YES;
				CLANG_WARN_RANGE_LOOP_ANALYSIS = YES;
				CLANG_WARN_STRICT_PROTOTYPES = YES;
				CLANG_WARN_SUSPICIOUS_MOVE = YES;
				CLANG_WARN_UNGUARDED_AVAILABILITY = YES_AGGRESSIVE;
				CLANG_WARN_UNREACHABLE_CODE = YES;
				CLANG_WARN__DUPLICATE_METHOD_MATCH = YES;
				COPY_PHASE_STRIP = NO;
				CURRENT_PROJECT_VERSION = 1;
				DEBUG_INFORMATION_FORMAT = dwarf;
				ENABLE_STRICT_OBJC_MSGSEND = YES;
				ENABLE_TESTABILITY = YES;
				GCC_C_LANGUAGE_STANDARD = gnu11;
				GCC_DYNAMIC_NO_PIC = NO;
				GCC_NO_COMMON_BLOCKS = YES;
				GCC_OPTIMIZATION_LEVEL = 0;
				GCC_PREPROCESSOR_DEFINITIONS = (
					"DEBUG=1",
					"$(inherited)",
				);
				GCC_WARN_64_TO_32_BIT_CONVERSION = YES;
				GCC_WARN_ABOUT_RETURN_TYPE = YES_ERROR;
				GCC_WARN_UNDECLARED_SELECTOR = YES;
				GCC_WARN_UNINITIALIZED_AUTOS = YES_AGGRESSIVE;
				GCC_WARN_UNUSED_FUNCTION = YES;
				GCC_WARN_UNUSED_VARIABLE = YES;
				IPHONEOS_DEPLOYMENT_TARGET = 16.0;
				MTL_ENABLE_DEBUG_INFO = INCLUDE_SOURCE;
				MTL_FAST_MATH = YES;
				ONLY_ACTIVE_ARCH = YES;
				SDKROOT = iphoneos;
				SWIFT_ACTIVE_COMPILATION_CONDITIONS = DEBUG;
				SWIFT_OPTIMIZATION_LEVEL = "-Onone";
				VERSIONING_SYSTEM = "apple-generic";
				VERSION_INFO_PREFIX = "";
			};
			name = DebugStage;
		};
		02DD1CA629E80D1000F35DCE /* DebugStage */ = {
			isa = XCBuildConfiguration;
			baseConfigurationReference = 836BEF3BBFF8FD02C62D862C /* Pods-App-Discovery.debugstage.xcconfig */;
			buildSettings = {
				CLANG_ENABLE_MODULES = YES;
				CODE_SIGN_STYLE = Automatic;
				CURRENT_PROJECT_VERSION = 1;
				DEFINES_MODULE = YES;
				DEVELOPMENT_TEAM = L8PG7LC3Y3;
				DYLIB_COMPATIBILITY_VERSION = 1;
				DYLIB_CURRENT_VERSION = 1;
				DYLIB_INSTALL_NAME_BASE = "@rpath";
				GENERATE_INFOPLIST_FILE = YES;
				INFOPLIST_FILE = Discovery/Info.plist;
				INFOPLIST_KEY_NSHumanReadableCopyright = "";
				INSTALL_PATH = "$(LOCAL_LIBRARY_DIR)/Frameworks";
				IPHONEOS_DEPLOYMENT_TARGET = 15.0;
				LD_RUNPATH_SEARCH_PATHS = (
					"$(inherited)",
					"@executable_path/Frameworks",
					"@loader_path/Frameworks",
				);
				MARKETING_VERSION = 1.0;
				PRODUCT_BUNDLE_IDENTIFIER = org.openedx.Discovery;
				PRODUCT_NAME = "$(TARGET_NAME:c99extidentifier)";
				SKIP_INSTALL = YES;
				SUPPORTED_PLATFORMS = "iphoneos iphonesimulator";
				SUPPORTS_MACCATALYST = NO;
				SUPPORTS_MAC_DESIGNED_FOR_IPHONE_IPAD = YES;
				SWIFT_EMIT_LOC_STRINGS = YES;
				SWIFT_OPTIMIZATION_LEVEL = "-Onone";
				SWIFT_VERSION = 5.0;
				TARGETED_DEVICE_FAMILY = "1,2";
			};
			name = DebugStage;
		};
		02DD1CA729E80D1000F35DCE /* DebugStage */ = {
			isa = XCBuildConfiguration;
			baseConfigurationReference = 2334C76D248D0A95634AFFD9 /* Pods-App-Discovery-DiscoveryUnitTests.debugstage.xcconfig */;
			buildSettings = {
				CODE_SIGN_STYLE = Automatic;
				CURRENT_PROJECT_VERSION = 1;
				DEVELOPMENT_TEAM = L8PG7LC3Y3;
				GENERATE_INFOPLIST_FILE = YES;
				IPHONEOS_DEPLOYMENT_TARGET = 15.0;
				MACOSX_DEPLOYMENT_TARGET = 12.6;
				MARKETING_VERSION = 1.0;
				PRODUCT_BUNDLE_IDENTIFIER = org.openedx.DiscoveryUnitTests;
				PRODUCT_NAME = "$(TARGET_NAME)";
				SDKROOT = auto;
				SUPPORTED_PLATFORMS = "iphoneos iphonesimulator macosx";
				SWIFT_EMIT_LOC_STRINGS = NO;
				SWIFT_VERSION = 5.0;
				TARGETED_DEVICE_FAMILY = "1,2";
			};
			name = DebugStage;
		};
		02DD1CA829E80D1600F35DCE /* ReleaseStage */ = {
			isa = XCBuildConfiguration;
			buildSettings = {
				ALWAYS_SEARCH_USER_PATHS = NO;
				CLANG_ANALYZER_LOCALIZABILITY_NONLOCALIZED = YES;
				CLANG_ANALYZER_NONNULL = YES;
				CLANG_ANALYZER_NUMBER_OBJECT_CONVERSION = YES_AGGRESSIVE;
				CLANG_CXX_LANGUAGE_STANDARD = "gnu++20";
				CLANG_ENABLE_MODULES = YES;
				CLANG_ENABLE_OBJC_ARC = YES;
				CLANG_ENABLE_OBJC_WEAK = YES;
				CLANG_WARN_BLOCK_CAPTURE_AUTORELEASING = YES;
				CLANG_WARN_BOOL_CONVERSION = YES;
				CLANG_WARN_COMMA = YES;
				CLANG_WARN_CONSTANT_CONVERSION = YES;
				CLANG_WARN_DEPRECATED_OBJC_IMPLEMENTATIONS = YES;
				CLANG_WARN_DIRECT_OBJC_ISA_USAGE = YES_ERROR;
				CLANG_WARN_DOCUMENTATION_COMMENTS = YES;
				CLANG_WARN_EMPTY_BODY = YES;
				CLANG_WARN_ENUM_CONVERSION = YES;
				CLANG_WARN_INFINITE_RECURSION = YES;
				CLANG_WARN_INT_CONVERSION = YES;
				CLANG_WARN_NON_LITERAL_NULL_CONVERSION = YES;
				CLANG_WARN_OBJC_IMPLICIT_RETAIN_SELF = YES;
				CLANG_WARN_OBJC_LITERAL_CONVERSION = YES;
				CLANG_WARN_OBJC_ROOT_CLASS = YES_ERROR;
				CLANG_WARN_QUOTED_INCLUDE_IN_FRAMEWORK_HEADER = YES;
				CLANG_WARN_RANGE_LOOP_ANALYSIS = YES;
				CLANG_WARN_STRICT_PROTOTYPES = YES;
				CLANG_WARN_SUSPICIOUS_MOVE = YES;
				CLANG_WARN_UNGUARDED_AVAILABILITY = YES_AGGRESSIVE;
				CLANG_WARN_UNREACHABLE_CODE = YES;
				CLANG_WARN__DUPLICATE_METHOD_MATCH = YES;
				COPY_PHASE_STRIP = NO;
				CURRENT_PROJECT_VERSION = 1;
				DEBUG_INFORMATION_FORMAT = "dwarf-with-dsym";
				ENABLE_NS_ASSERTIONS = NO;
				ENABLE_STRICT_OBJC_MSGSEND = YES;
				GCC_C_LANGUAGE_STANDARD = gnu11;
				GCC_NO_COMMON_BLOCKS = YES;
				GCC_WARN_64_TO_32_BIT_CONVERSION = YES;
				GCC_WARN_ABOUT_RETURN_TYPE = YES_ERROR;
				GCC_WARN_UNDECLARED_SELECTOR = YES;
				GCC_WARN_UNINITIALIZED_AUTOS = YES_AGGRESSIVE;
				GCC_WARN_UNUSED_FUNCTION = YES;
				GCC_WARN_UNUSED_VARIABLE = YES;
				IPHONEOS_DEPLOYMENT_TARGET = 16.0;
				MTL_ENABLE_DEBUG_INFO = NO;
				MTL_FAST_MATH = YES;
				SDKROOT = iphoneos;
				SWIFT_COMPILATION_MODE = wholemodule;
				SWIFT_OPTIMIZATION_LEVEL = "-O";
				VALIDATE_PRODUCT = YES;
				VERSIONING_SYSTEM = "apple-generic";
				VERSION_INFO_PREFIX = "";
			};
			name = ReleaseStage;
		};
		02DD1CA929E80D1600F35DCE /* ReleaseStage */ = {
			isa = XCBuildConfiguration;
			baseConfigurationReference = 0692409931272CDA39B10321 /* Pods-App-Discovery.releasestage.xcconfig */;
			buildSettings = {
				CLANG_ENABLE_MODULES = YES;
				CODE_SIGN_STYLE = Automatic;
				CURRENT_PROJECT_VERSION = 1;
				DEFINES_MODULE = YES;
				DEVELOPMENT_TEAM = L8PG7LC3Y3;
				DYLIB_COMPATIBILITY_VERSION = 1;
				DYLIB_CURRENT_VERSION = 1;
				DYLIB_INSTALL_NAME_BASE = "@rpath";
				GENERATE_INFOPLIST_FILE = YES;
				INFOPLIST_FILE = Discovery/Info.plist;
				INFOPLIST_KEY_NSHumanReadableCopyright = "";
				INSTALL_PATH = "$(LOCAL_LIBRARY_DIR)/Frameworks";
				IPHONEOS_DEPLOYMENT_TARGET = 15.0;
				LD_RUNPATH_SEARCH_PATHS = (
					"$(inherited)",
					"@executable_path/Frameworks",
					"@loader_path/Frameworks",
				);
				MARKETING_VERSION = 1.0;
				PRODUCT_BUNDLE_IDENTIFIER = org.openedx.Discovery;
				PRODUCT_NAME = "$(TARGET_NAME:c99extidentifier)";
				SKIP_INSTALL = YES;
				SUPPORTED_PLATFORMS = "iphoneos iphonesimulator";
				SUPPORTS_MACCATALYST = NO;
				SUPPORTS_MAC_DESIGNED_FOR_IPHONE_IPAD = YES;
				SWIFT_EMIT_LOC_STRINGS = YES;
				SWIFT_VERSION = 5.0;
				TARGETED_DEVICE_FAMILY = "1,2";
			};
			name = ReleaseStage;
		};
		02DD1CAA29E80D1600F35DCE /* ReleaseStage */ = {
			isa = XCBuildConfiguration;
			baseConfigurationReference = 83FB998DD9C5B57B61B88170 /* Pods-App-Discovery-DiscoveryUnitTests.releasestage.xcconfig */;
			buildSettings = {
				CODE_SIGN_STYLE = Automatic;
				CURRENT_PROJECT_VERSION = 1;
				DEVELOPMENT_TEAM = L8PG7LC3Y3;
				GENERATE_INFOPLIST_FILE = YES;
				IPHONEOS_DEPLOYMENT_TARGET = 15.0;
				MACOSX_DEPLOYMENT_TARGET = 12.6;
				MARKETING_VERSION = 1.0;
				PRODUCT_BUNDLE_IDENTIFIER = org.openedx.DiscoveryUnitTests;
				PRODUCT_NAME = "$(TARGET_NAME)";
				SDKROOT = auto;
				SUPPORTED_PLATFORMS = "iphoneos iphonesimulator macosx";
				SWIFT_EMIT_LOC_STRINGS = NO;
				SWIFT_VERSION = 5.0;
				TARGETED_DEVICE_FAMILY = "1,2";
			};
			name = ReleaseStage;
		};
		0727879E28D34C03002E9142 /* Debug */ = {
			isa = XCBuildConfiguration;
			buildSettings = {
				ALWAYS_SEARCH_USER_PATHS = NO;
				CLANG_ANALYZER_LOCALIZABILITY_NONLOCALIZED = YES;
				CLANG_ANALYZER_NONNULL = YES;
				CLANG_ANALYZER_NUMBER_OBJECT_CONVERSION = YES_AGGRESSIVE;
				CLANG_CXX_LANGUAGE_STANDARD = "gnu++20";
				CLANG_ENABLE_MODULES = YES;
				CLANG_ENABLE_OBJC_ARC = YES;
				CLANG_ENABLE_OBJC_WEAK = YES;
				CLANG_WARN_BLOCK_CAPTURE_AUTORELEASING = YES;
				CLANG_WARN_BOOL_CONVERSION = YES;
				CLANG_WARN_COMMA = YES;
				CLANG_WARN_CONSTANT_CONVERSION = YES;
				CLANG_WARN_DEPRECATED_OBJC_IMPLEMENTATIONS = YES;
				CLANG_WARN_DIRECT_OBJC_ISA_USAGE = YES_ERROR;
				CLANG_WARN_DOCUMENTATION_COMMENTS = YES;
				CLANG_WARN_EMPTY_BODY = YES;
				CLANG_WARN_ENUM_CONVERSION = YES;
				CLANG_WARN_INFINITE_RECURSION = YES;
				CLANG_WARN_INT_CONVERSION = YES;
				CLANG_WARN_NON_LITERAL_NULL_CONVERSION = YES;
				CLANG_WARN_OBJC_IMPLICIT_RETAIN_SELF = YES;
				CLANG_WARN_OBJC_LITERAL_CONVERSION = YES;
				CLANG_WARN_OBJC_ROOT_CLASS = YES_ERROR;
				CLANG_WARN_QUOTED_INCLUDE_IN_FRAMEWORK_HEADER = YES;
				CLANG_WARN_RANGE_LOOP_ANALYSIS = YES;
				CLANG_WARN_STRICT_PROTOTYPES = YES;
				CLANG_WARN_SUSPICIOUS_MOVE = YES;
				CLANG_WARN_UNGUARDED_AVAILABILITY = YES_AGGRESSIVE;
				CLANG_WARN_UNREACHABLE_CODE = YES;
				CLANG_WARN__DUPLICATE_METHOD_MATCH = YES;
				COPY_PHASE_STRIP = NO;
				CURRENT_PROJECT_VERSION = 1;
				DEBUG_INFORMATION_FORMAT = dwarf;
				ENABLE_STRICT_OBJC_MSGSEND = YES;
				ENABLE_TESTABILITY = YES;
				GCC_C_LANGUAGE_STANDARD = gnu11;
				GCC_DYNAMIC_NO_PIC = NO;
				GCC_NO_COMMON_BLOCKS = YES;
				GCC_OPTIMIZATION_LEVEL = 0;
				GCC_PREPROCESSOR_DEFINITIONS = (
					"DEBUG=1",
					"$(inherited)",
				);
				GCC_WARN_64_TO_32_BIT_CONVERSION = YES;
				GCC_WARN_ABOUT_RETURN_TYPE = YES_ERROR;
				GCC_WARN_UNDECLARED_SELECTOR = YES;
				GCC_WARN_UNINITIALIZED_AUTOS = YES_AGGRESSIVE;
				GCC_WARN_UNUSED_FUNCTION = YES;
				GCC_WARN_UNUSED_VARIABLE = YES;
				IPHONEOS_DEPLOYMENT_TARGET = 16.0;
				MTL_ENABLE_DEBUG_INFO = INCLUDE_SOURCE;
				MTL_FAST_MATH = YES;
				ONLY_ACTIVE_ARCH = YES;
				SDKROOT = iphoneos;
				SWIFT_ACTIVE_COMPILATION_CONDITIONS = DEBUG;
				SWIFT_OPTIMIZATION_LEVEL = "-Onone";
				VERSIONING_SYSTEM = "apple-generic";
				VERSION_INFO_PREFIX = "";
			};
			name = Debug;
		};
		0727879F28D34C03002E9142 /* Release */ = {
			isa = XCBuildConfiguration;
			buildSettings = {
				ALWAYS_SEARCH_USER_PATHS = NO;
				CLANG_ANALYZER_LOCALIZABILITY_NONLOCALIZED = YES;
				CLANG_ANALYZER_NONNULL = YES;
				CLANG_ANALYZER_NUMBER_OBJECT_CONVERSION = YES_AGGRESSIVE;
				CLANG_CXX_LANGUAGE_STANDARD = "gnu++20";
				CLANG_ENABLE_MODULES = YES;
				CLANG_ENABLE_OBJC_ARC = YES;
				CLANG_ENABLE_OBJC_WEAK = YES;
				CLANG_WARN_BLOCK_CAPTURE_AUTORELEASING = YES;
				CLANG_WARN_BOOL_CONVERSION = YES;
				CLANG_WARN_COMMA = YES;
				CLANG_WARN_CONSTANT_CONVERSION = YES;
				CLANG_WARN_DEPRECATED_OBJC_IMPLEMENTATIONS = YES;
				CLANG_WARN_DIRECT_OBJC_ISA_USAGE = YES_ERROR;
				CLANG_WARN_DOCUMENTATION_COMMENTS = YES;
				CLANG_WARN_EMPTY_BODY = YES;
				CLANG_WARN_ENUM_CONVERSION = YES;
				CLANG_WARN_INFINITE_RECURSION = YES;
				CLANG_WARN_INT_CONVERSION = YES;
				CLANG_WARN_NON_LITERAL_NULL_CONVERSION = YES;
				CLANG_WARN_OBJC_IMPLICIT_RETAIN_SELF = YES;
				CLANG_WARN_OBJC_LITERAL_CONVERSION = YES;
				CLANG_WARN_OBJC_ROOT_CLASS = YES_ERROR;
				CLANG_WARN_QUOTED_INCLUDE_IN_FRAMEWORK_HEADER = YES;
				CLANG_WARN_RANGE_LOOP_ANALYSIS = YES;
				CLANG_WARN_STRICT_PROTOTYPES = YES;
				CLANG_WARN_SUSPICIOUS_MOVE = YES;
				CLANG_WARN_UNGUARDED_AVAILABILITY = YES_AGGRESSIVE;
				CLANG_WARN_UNREACHABLE_CODE = YES;
				CLANG_WARN__DUPLICATE_METHOD_MATCH = YES;
				COPY_PHASE_STRIP = NO;
				CURRENT_PROJECT_VERSION = 1;
				DEBUG_INFORMATION_FORMAT = "dwarf-with-dsym";
				ENABLE_NS_ASSERTIONS = NO;
				ENABLE_STRICT_OBJC_MSGSEND = YES;
				GCC_C_LANGUAGE_STANDARD = gnu11;
				GCC_NO_COMMON_BLOCKS = YES;
				GCC_WARN_64_TO_32_BIT_CONVERSION = YES;
				GCC_WARN_ABOUT_RETURN_TYPE = YES_ERROR;
				GCC_WARN_UNDECLARED_SELECTOR = YES;
				GCC_WARN_UNINITIALIZED_AUTOS = YES_AGGRESSIVE;
				GCC_WARN_UNUSED_FUNCTION = YES;
				GCC_WARN_UNUSED_VARIABLE = YES;
				IPHONEOS_DEPLOYMENT_TARGET = 16.0;
				MTL_ENABLE_DEBUG_INFO = NO;
				MTL_FAST_MATH = YES;
				SDKROOT = iphoneos;
				SWIFT_COMPILATION_MODE = wholemodule;
				SWIFT_OPTIMIZATION_LEVEL = "-O";
				VALIDATE_PRODUCT = YES;
				VERSIONING_SYSTEM = "apple-generic";
				VERSION_INFO_PREFIX = "";
			};
			name = Release;
		};
		072787A128D34C03002E9142 /* Debug */ = {
			isa = XCBuildConfiguration;
			baseConfigurationReference = 2760B1F234E01FFCB73F41C2 /* Pods-App-Discovery.debug.xcconfig */;
			buildSettings = {
				CLANG_ENABLE_MODULES = YES;
				CODE_SIGN_STYLE = Automatic;
				CURRENT_PROJECT_VERSION = 1;
				DEFINES_MODULE = YES;
				DEVELOPMENT_TEAM = L8PG7LC3Y3;
				DYLIB_COMPATIBILITY_VERSION = 1;
				DYLIB_CURRENT_VERSION = 1;
				DYLIB_INSTALL_NAME_BASE = "@rpath";
				GENERATE_INFOPLIST_FILE = YES;
				INFOPLIST_FILE = Discovery/Info.plist;
				INFOPLIST_KEY_NSHumanReadableCopyright = "";
				INSTALL_PATH = "$(LOCAL_LIBRARY_DIR)/Frameworks";
				IPHONEOS_DEPLOYMENT_TARGET = 15.0;
				LD_RUNPATH_SEARCH_PATHS = (
					"$(inherited)",
					"@executable_path/Frameworks",
					"@loader_path/Frameworks",
				);
				MARKETING_VERSION = 1.0;
				PRODUCT_BUNDLE_IDENTIFIER = org.openedx.Discovery;
				PRODUCT_NAME = "$(TARGET_NAME:c99extidentifier)";
				SKIP_INSTALL = YES;
				SUPPORTED_PLATFORMS = "iphoneos iphonesimulator";
				SUPPORTS_MACCATALYST = NO;
				SUPPORTS_MAC_DESIGNED_FOR_IPHONE_IPAD = YES;
				SWIFT_EMIT_LOC_STRINGS = YES;
				SWIFT_OPTIMIZATION_LEVEL = "-Onone";
				SWIFT_VERSION = 5.0;
				TARGETED_DEVICE_FAMILY = "1,2";
			};
			name = Debug;
		};
		072787A228D34C03002E9142 /* Release */ = {
			isa = XCBuildConfiguration;
			baseConfigurationReference = 0C3850985F33C1AD72BF1B04 /* Pods-App-Discovery.release.xcconfig */;
			buildSettings = {
				CLANG_ENABLE_MODULES = YES;
				CODE_SIGN_STYLE = Automatic;
				CURRENT_PROJECT_VERSION = 1;
				DEFINES_MODULE = YES;
				DEVELOPMENT_TEAM = L8PG7LC3Y3;
				DYLIB_COMPATIBILITY_VERSION = 1;
				DYLIB_CURRENT_VERSION = 1;
				DYLIB_INSTALL_NAME_BASE = "@rpath";
				GENERATE_INFOPLIST_FILE = YES;
				INFOPLIST_FILE = Discovery/Info.plist;
				INFOPLIST_KEY_NSHumanReadableCopyright = "";
				INSTALL_PATH = "$(LOCAL_LIBRARY_DIR)/Frameworks";
				IPHONEOS_DEPLOYMENT_TARGET = 15.0;
				LD_RUNPATH_SEARCH_PATHS = (
					"$(inherited)",
					"@executable_path/Frameworks",
					"@loader_path/Frameworks",
				);
				MARKETING_VERSION = 1.0;
				PRODUCT_BUNDLE_IDENTIFIER = org.openedx.Discovery;
				PRODUCT_NAME = "$(TARGET_NAME:c99extidentifier)";
				SKIP_INSTALL = YES;
				SUPPORTED_PLATFORMS = "iphoneos iphonesimulator";
				SUPPORTS_MACCATALYST = NO;
				SUPPORTS_MAC_DESIGNED_FOR_IPHONE_IPAD = YES;
				SWIFT_EMIT_LOC_STRINGS = YES;
				SWIFT_VERSION = 5.0;
				TARGETED_DEVICE_FAMILY = "1,2";
			};
			name = Release;
		};
		072787A328D34CE4002E9142 /* DebugProd */ = {
			isa = XCBuildConfiguration;
			buildSettings = {
				ALWAYS_SEARCH_USER_PATHS = NO;
				CLANG_ANALYZER_LOCALIZABILITY_NONLOCALIZED = YES;
				CLANG_ANALYZER_NONNULL = YES;
				CLANG_ANALYZER_NUMBER_OBJECT_CONVERSION = YES_AGGRESSIVE;
				CLANG_CXX_LANGUAGE_STANDARD = "gnu++20";
				CLANG_ENABLE_MODULES = YES;
				CLANG_ENABLE_OBJC_ARC = YES;
				CLANG_ENABLE_OBJC_WEAK = YES;
				CLANG_WARN_BLOCK_CAPTURE_AUTORELEASING = YES;
				CLANG_WARN_BOOL_CONVERSION = YES;
				CLANG_WARN_COMMA = YES;
				CLANG_WARN_CONSTANT_CONVERSION = YES;
				CLANG_WARN_DEPRECATED_OBJC_IMPLEMENTATIONS = YES;
				CLANG_WARN_DIRECT_OBJC_ISA_USAGE = YES_ERROR;
				CLANG_WARN_DOCUMENTATION_COMMENTS = YES;
				CLANG_WARN_EMPTY_BODY = YES;
				CLANG_WARN_ENUM_CONVERSION = YES;
				CLANG_WARN_INFINITE_RECURSION = YES;
				CLANG_WARN_INT_CONVERSION = YES;
				CLANG_WARN_NON_LITERAL_NULL_CONVERSION = YES;
				CLANG_WARN_OBJC_IMPLICIT_RETAIN_SELF = YES;
				CLANG_WARN_OBJC_LITERAL_CONVERSION = YES;
				CLANG_WARN_OBJC_ROOT_CLASS = YES_ERROR;
				CLANG_WARN_QUOTED_INCLUDE_IN_FRAMEWORK_HEADER = YES;
				CLANG_WARN_RANGE_LOOP_ANALYSIS = YES;
				CLANG_WARN_STRICT_PROTOTYPES = YES;
				CLANG_WARN_SUSPICIOUS_MOVE = YES;
				CLANG_WARN_UNGUARDED_AVAILABILITY = YES_AGGRESSIVE;
				CLANG_WARN_UNREACHABLE_CODE = YES;
				CLANG_WARN__DUPLICATE_METHOD_MATCH = YES;
				COPY_PHASE_STRIP = NO;
				CURRENT_PROJECT_VERSION = 1;
				DEBUG_INFORMATION_FORMAT = dwarf;
				ENABLE_STRICT_OBJC_MSGSEND = YES;
				ENABLE_TESTABILITY = YES;
				GCC_C_LANGUAGE_STANDARD = gnu11;
				GCC_DYNAMIC_NO_PIC = NO;
				GCC_NO_COMMON_BLOCKS = YES;
				GCC_OPTIMIZATION_LEVEL = 0;
				GCC_PREPROCESSOR_DEFINITIONS = (
					"DEBUG=1",
					"$(inherited)",
				);
				GCC_WARN_64_TO_32_BIT_CONVERSION = YES;
				GCC_WARN_ABOUT_RETURN_TYPE = YES_ERROR;
				GCC_WARN_UNDECLARED_SELECTOR = YES;
				GCC_WARN_UNINITIALIZED_AUTOS = YES_AGGRESSIVE;
				GCC_WARN_UNUSED_FUNCTION = YES;
				GCC_WARN_UNUSED_VARIABLE = YES;
				IPHONEOS_DEPLOYMENT_TARGET = 16.0;
				MTL_ENABLE_DEBUG_INFO = INCLUDE_SOURCE;
				MTL_FAST_MATH = YES;
				ONLY_ACTIVE_ARCH = YES;
				SDKROOT = iphoneos;
				SWIFT_ACTIVE_COMPILATION_CONDITIONS = DEBUG;
				SWIFT_OPTIMIZATION_LEVEL = "-Onone";
				VERSIONING_SYSTEM = "apple-generic";
				VERSION_INFO_PREFIX = "";
			};
			name = DebugProd;
		};
		072787A428D34CE4002E9142 /* DebugProd */ = {
			isa = XCBuildConfiguration;
			baseConfigurationReference = 617697245CE8F67AF2BBE250 /* Pods-App-Discovery.debugprod.xcconfig */;
			buildSettings = {
				CLANG_ENABLE_MODULES = YES;
				CODE_SIGN_STYLE = Automatic;
				CURRENT_PROJECT_VERSION = 1;
				DEFINES_MODULE = YES;
				DEVELOPMENT_TEAM = L8PG7LC3Y3;
				DYLIB_COMPATIBILITY_VERSION = 1;
				DYLIB_CURRENT_VERSION = 1;
				DYLIB_INSTALL_NAME_BASE = "@rpath";
				GENERATE_INFOPLIST_FILE = YES;
				INFOPLIST_FILE = Discovery/Info.plist;
				INFOPLIST_KEY_NSHumanReadableCopyright = "";
				INSTALL_PATH = "$(LOCAL_LIBRARY_DIR)/Frameworks";
				IPHONEOS_DEPLOYMENT_TARGET = 15.0;
				LD_RUNPATH_SEARCH_PATHS = (
					"$(inherited)",
					"@executable_path/Frameworks",
					"@loader_path/Frameworks",
				);
				MARKETING_VERSION = 1.0;
				PRODUCT_BUNDLE_IDENTIFIER = org.openedx.Discovery;
				PRODUCT_NAME = "$(TARGET_NAME:c99extidentifier)";
				SKIP_INSTALL = YES;
				SUPPORTED_PLATFORMS = "iphoneos iphonesimulator";
				SUPPORTS_MACCATALYST = NO;
				SUPPORTS_MAC_DESIGNED_FOR_IPHONE_IPAD = YES;
				SWIFT_EMIT_LOC_STRINGS = YES;
				SWIFT_OPTIMIZATION_LEVEL = "-Onone";
				SWIFT_VERSION = 5.0;
				TARGETED_DEVICE_FAMILY = "1,2";
			};
			name = DebugProd;
		};
		072787A528D34CE8002E9142 /* DebugDev */ = {
			isa = XCBuildConfiguration;
			buildSettings = {
				ALWAYS_SEARCH_USER_PATHS = NO;
				CLANG_ANALYZER_LOCALIZABILITY_NONLOCALIZED = YES;
				CLANG_ANALYZER_NONNULL = YES;
				CLANG_ANALYZER_NUMBER_OBJECT_CONVERSION = YES_AGGRESSIVE;
				CLANG_CXX_LANGUAGE_STANDARD = "gnu++20";
				CLANG_ENABLE_MODULES = YES;
				CLANG_ENABLE_OBJC_ARC = YES;
				CLANG_ENABLE_OBJC_WEAK = YES;
				CLANG_WARN_BLOCK_CAPTURE_AUTORELEASING = YES;
				CLANG_WARN_BOOL_CONVERSION = YES;
				CLANG_WARN_COMMA = YES;
				CLANG_WARN_CONSTANT_CONVERSION = YES;
				CLANG_WARN_DEPRECATED_OBJC_IMPLEMENTATIONS = YES;
				CLANG_WARN_DIRECT_OBJC_ISA_USAGE = YES_ERROR;
				CLANG_WARN_DOCUMENTATION_COMMENTS = YES;
				CLANG_WARN_EMPTY_BODY = YES;
				CLANG_WARN_ENUM_CONVERSION = YES;
				CLANG_WARN_INFINITE_RECURSION = YES;
				CLANG_WARN_INT_CONVERSION = YES;
				CLANG_WARN_NON_LITERAL_NULL_CONVERSION = YES;
				CLANG_WARN_OBJC_IMPLICIT_RETAIN_SELF = YES;
				CLANG_WARN_OBJC_LITERAL_CONVERSION = YES;
				CLANG_WARN_OBJC_ROOT_CLASS = YES_ERROR;
				CLANG_WARN_QUOTED_INCLUDE_IN_FRAMEWORK_HEADER = YES;
				CLANG_WARN_RANGE_LOOP_ANALYSIS = YES;
				CLANG_WARN_STRICT_PROTOTYPES = YES;
				CLANG_WARN_SUSPICIOUS_MOVE = YES;
				CLANG_WARN_UNGUARDED_AVAILABILITY = YES_AGGRESSIVE;
				CLANG_WARN_UNREACHABLE_CODE = YES;
				CLANG_WARN__DUPLICATE_METHOD_MATCH = YES;
				COPY_PHASE_STRIP = NO;
				CURRENT_PROJECT_VERSION = 1;
				DEBUG_INFORMATION_FORMAT = dwarf;
				ENABLE_STRICT_OBJC_MSGSEND = YES;
				ENABLE_TESTABILITY = YES;
				GCC_C_LANGUAGE_STANDARD = gnu11;
				GCC_DYNAMIC_NO_PIC = NO;
				GCC_NO_COMMON_BLOCKS = YES;
				GCC_OPTIMIZATION_LEVEL = 0;
				GCC_PREPROCESSOR_DEFINITIONS = (
					"DEBUG=1",
					"$(inherited)",
				);
				GCC_WARN_64_TO_32_BIT_CONVERSION = YES;
				GCC_WARN_ABOUT_RETURN_TYPE = YES_ERROR;
				GCC_WARN_UNDECLARED_SELECTOR = YES;
				GCC_WARN_UNINITIALIZED_AUTOS = YES_AGGRESSIVE;
				GCC_WARN_UNUSED_FUNCTION = YES;
				GCC_WARN_UNUSED_VARIABLE = YES;
				IPHONEOS_DEPLOYMENT_TARGET = 16.0;
				MTL_ENABLE_DEBUG_INFO = INCLUDE_SOURCE;
				MTL_FAST_MATH = YES;
				ONLY_ACTIVE_ARCH = YES;
				SDKROOT = iphoneos;
				SWIFT_ACTIVE_COMPILATION_CONDITIONS = DEBUG;
				SWIFT_OPTIMIZATION_LEVEL = "-Onone";
				VERSIONING_SYSTEM = "apple-generic";
				VERSION_INFO_PREFIX = "";
			};
			name = DebugDev;
		};
		072787A628D34CE8002E9142 /* DebugDev */ = {
			isa = XCBuildConfiguration;
			baseConfigurationReference = 4786022BA3ED2D55DD0E5C8F /* Pods-App-Discovery.debugdev.xcconfig */;
			buildSettings = {
				CLANG_ENABLE_MODULES = YES;
				CODE_SIGN_STYLE = Automatic;
				CURRENT_PROJECT_VERSION = 1;
				DEFINES_MODULE = YES;
				DEVELOPMENT_TEAM = L8PG7LC3Y3;
				DYLIB_COMPATIBILITY_VERSION = 1;
				DYLIB_CURRENT_VERSION = 1;
				DYLIB_INSTALL_NAME_BASE = "@rpath";
				GENERATE_INFOPLIST_FILE = YES;
				INFOPLIST_FILE = Discovery/Info.plist;
				INFOPLIST_KEY_NSHumanReadableCopyright = "";
				INSTALL_PATH = "$(LOCAL_LIBRARY_DIR)/Frameworks";
				IPHONEOS_DEPLOYMENT_TARGET = 15.0;
				LD_RUNPATH_SEARCH_PATHS = (
					"$(inherited)",
					"@executable_path/Frameworks",
					"@loader_path/Frameworks",
				);
				MARKETING_VERSION = 1.0;
				PRODUCT_BUNDLE_IDENTIFIER = org.openedx.Discovery;
				PRODUCT_NAME = "$(TARGET_NAME:c99extidentifier)";
				SKIP_INSTALL = YES;
				SUPPORTED_PLATFORMS = "iphoneos iphonesimulator";
				SUPPORTS_MACCATALYST = NO;
				SUPPORTS_MAC_DESIGNED_FOR_IPHONE_IPAD = YES;
				SWIFT_EMIT_LOC_STRINGS = YES;
				SWIFT_OPTIMIZATION_LEVEL = "-Onone";
				SWIFT_VERSION = 5.0;
				TARGETED_DEVICE_FAMILY = "1,2";
			};
			name = DebugDev;
		};
		072787A728D34CF2002E9142 /* ReleaseProd */ = {
			isa = XCBuildConfiguration;
			buildSettings = {
				ALWAYS_SEARCH_USER_PATHS = NO;
				CLANG_ANALYZER_LOCALIZABILITY_NONLOCALIZED = YES;
				CLANG_ANALYZER_NONNULL = YES;
				CLANG_ANALYZER_NUMBER_OBJECT_CONVERSION = YES_AGGRESSIVE;
				CLANG_CXX_LANGUAGE_STANDARD = "gnu++20";
				CLANG_ENABLE_MODULES = YES;
				CLANG_ENABLE_OBJC_ARC = YES;
				CLANG_ENABLE_OBJC_WEAK = YES;
				CLANG_WARN_BLOCK_CAPTURE_AUTORELEASING = YES;
				CLANG_WARN_BOOL_CONVERSION = YES;
				CLANG_WARN_COMMA = YES;
				CLANG_WARN_CONSTANT_CONVERSION = YES;
				CLANG_WARN_DEPRECATED_OBJC_IMPLEMENTATIONS = YES;
				CLANG_WARN_DIRECT_OBJC_ISA_USAGE = YES_ERROR;
				CLANG_WARN_DOCUMENTATION_COMMENTS = YES;
				CLANG_WARN_EMPTY_BODY = YES;
				CLANG_WARN_ENUM_CONVERSION = YES;
				CLANG_WARN_INFINITE_RECURSION = YES;
				CLANG_WARN_INT_CONVERSION = YES;
				CLANG_WARN_NON_LITERAL_NULL_CONVERSION = YES;
				CLANG_WARN_OBJC_IMPLICIT_RETAIN_SELF = YES;
				CLANG_WARN_OBJC_LITERAL_CONVERSION = YES;
				CLANG_WARN_OBJC_ROOT_CLASS = YES_ERROR;
				CLANG_WARN_QUOTED_INCLUDE_IN_FRAMEWORK_HEADER = YES;
				CLANG_WARN_RANGE_LOOP_ANALYSIS = YES;
				CLANG_WARN_STRICT_PROTOTYPES = YES;
				CLANG_WARN_SUSPICIOUS_MOVE = YES;
				CLANG_WARN_UNGUARDED_AVAILABILITY = YES_AGGRESSIVE;
				CLANG_WARN_UNREACHABLE_CODE = YES;
				CLANG_WARN__DUPLICATE_METHOD_MATCH = YES;
				COPY_PHASE_STRIP = NO;
				CURRENT_PROJECT_VERSION = 1;
				DEBUG_INFORMATION_FORMAT = "dwarf-with-dsym";
				ENABLE_NS_ASSERTIONS = NO;
				ENABLE_STRICT_OBJC_MSGSEND = YES;
				GCC_C_LANGUAGE_STANDARD = gnu11;
				GCC_NO_COMMON_BLOCKS = YES;
				GCC_WARN_64_TO_32_BIT_CONVERSION = YES;
				GCC_WARN_ABOUT_RETURN_TYPE = YES_ERROR;
				GCC_WARN_UNDECLARED_SELECTOR = YES;
				GCC_WARN_UNINITIALIZED_AUTOS = YES_AGGRESSIVE;
				GCC_WARN_UNUSED_FUNCTION = YES;
				GCC_WARN_UNUSED_VARIABLE = YES;
				IPHONEOS_DEPLOYMENT_TARGET = 16.0;
				MTL_ENABLE_DEBUG_INFO = NO;
				MTL_FAST_MATH = YES;
				SDKROOT = iphoneos;
				SWIFT_COMPILATION_MODE = wholemodule;
				SWIFT_OPTIMIZATION_LEVEL = "-O";
				VALIDATE_PRODUCT = YES;
				VERSIONING_SYSTEM = "apple-generic";
				VERSION_INFO_PREFIX = "";
			};
			name = ReleaseProd;
		};
		072787A828D34CF2002E9142 /* ReleaseProd */ = {
			isa = XCBuildConfiguration;
			baseConfigurationReference = 57E62A3FCA858F5A1FF77347 /* Pods-App-Discovery.releaseprod.xcconfig */;
			buildSettings = {
				CLANG_ENABLE_MODULES = YES;
				CODE_SIGN_STYLE = Automatic;
				CURRENT_PROJECT_VERSION = 1;
				DEFINES_MODULE = YES;
				DEVELOPMENT_TEAM = L8PG7LC3Y3;
				DYLIB_COMPATIBILITY_VERSION = 1;
				DYLIB_CURRENT_VERSION = 1;
				DYLIB_INSTALL_NAME_BASE = "@rpath";
				GENERATE_INFOPLIST_FILE = YES;
				INFOPLIST_FILE = Discovery/Info.plist;
				INFOPLIST_KEY_NSHumanReadableCopyright = "";
				INSTALL_PATH = "$(LOCAL_LIBRARY_DIR)/Frameworks";
				IPHONEOS_DEPLOYMENT_TARGET = 15.0;
				LD_RUNPATH_SEARCH_PATHS = (
					"$(inherited)",
					"@executable_path/Frameworks",
					"@loader_path/Frameworks",
				);
				MARKETING_VERSION = 1.0;
				PRODUCT_BUNDLE_IDENTIFIER = org.openedx.Discovery;
				PRODUCT_NAME = "$(TARGET_NAME:c99extidentifier)";
				SKIP_INSTALL = YES;
				SUPPORTED_PLATFORMS = "iphoneos iphonesimulator";
				SUPPORTS_MACCATALYST = NO;
				SUPPORTS_MAC_DESIGNED_FOR_IPHONE_IPAD = YES;
				SWIFT_EMIT_LOC_STRINGS = YES;
				SWIFT_VERSION = 5.0;
				TARGETED_DEVICE_FAMILY = "1,2";
			};
			name = ReleaseProd;
		};
		072787A928D34CF6002E9142 /* ReleaseDev */ = {
			isa = XCBuildConfiguration;
			buildSettings = {
				ALWAYS_SEARCH_USER_PATHS = NO;
				CLANG_ANALYZER_LOCALIZABILITY_NONLOCALIZED = YES;
				CLANG_ANALYZER_NONNULL = YES;
				CLANG_ANALYZER_NUMBER_OBJECT_CONVERSION = YES_AGGRESSIVE;
				CLANG_CXX_LANGUAGE_STANDARD = "gnu++20";
				CLANG_ENABLE_MODULES = YES;
				CLANG_ENABLE_OBJC_ARC = YES;
				CLANG_ENABLE_OBJC_WEAK = YES;
				CLANG_WARN_BLOCK_CAPTURE_AUTORELEASING = YES;
				CLANG_WARN_BOOL_CONVERSION = YES;
				CLANG_WARN_COMMA = YES;
				CLANG_WARN_CONSTANT_CONVERSION = YES;
				CLANG_WARN_DEPRECATED_OBJC_IMPLEMENTATIONS = YES;
				CLANG_WARN_DIRECT_OBJC_ISA_USAGE = YES_ERROR;
				CLANG_WARN_DOCUMENTATION_COMMENTS = YES;
				CLANG_WARN_EMPTY_BODY = YES;
				CLANG_WARN_ENUM_CONVERSION = YES;
				CLANG_WARN_INFINITE_RECURSION = YES;
				CLANG_WARN_INT_CONVERSION = YES;
				CLANG_WARN_NON_LITERAL_NULL_CONVERSION = YES;
				CLANG_WARN_OBJC_IMPLICIT_RETAIN_SELF = YES;
				CLANG_WARN_OBJC_LITERAL_CONVERSION = YES;
				CLANG_WARN_OBJC_ROOT_CLASS = YES_ERROR;
				CLANG_WARN_QUOTED_INCLUDE_IN_FRAMEWORK_HEADER = YES;
				CLANG_WARN_RANGE_LOOP_ANALYSIS = YES;
				CLANG_WARN_STRICT_PROTOTYPES = YES;
				CLANG_WARN_SUSPICIOUS_MOVE = YES;
				CLANG_WARN_UNGUARDED_AVAILABILITY = YES_AGGRESSIVE;
				CLANG_WARN_UNREACHABLE_CODE = YES;
				CLANG_WARN__DUPLICATE_METHOD_MATCH = YES;
				COPY_PHASE_STRIP = NO;
				CURRENT_PROJECT_VERSION = 1;
				DEBUG_INFORMATION_FORMAT = "dwarf-with-dsym";
				ENABLE_NS_ASSERTIONS = NO;
				ENABLE_STRICT_OBJC_MSGSEND = YES;
				GCC_C_LANGUAGE_STANDARD = gnu11;
				GCC_NO_COMMON_BLOCKS = YES;
				GCC_WARN_64_TO_32_BIT_CONVERSION = YES;
				GCC_WARN_ABOUT_RETURN_TYPE = YES_ERROR;
				GCC_WARN_UNDECLARED_SELECTOR = YES;
				GCC_WARN_UNINITIALIZED_AUTOS = YES_AGGRESSIVE;
				GCC_WARN_UNUSED_FUNCTION = YES;
				GCC_WARN_UNUSED_VARIABLE = YES;
				IPHONEOS_DEPLOYMENT_TARGET = 16.0;
				MTL_ENABLE_DEBUG_INFO = NO;
				MTL_FAST_MATH = YES;
				SDKROOT = iphoneos;
				SWIFT_COMPILATION_MODE = wholemodule;
				SWIFT_OPTIMIZATION_LEVEL = "-O";
				VALIDATE_PRODUCT = YES;
				VERSIONING_SYSTEM = "apple-generic";
				VERSION_INFO_PREFIX = "";
			};
			name = ReleaseDev;
		};
		072787AA28D34CF6002E9142 /* ReleaseDev */ = {
			isa = XCBuildConfiguration;
			baseConfigurationReference = E192F9B4A7EECED9665AB8A7 /* Pods-App-Discovery.releasedev.xcconfig */;
			buildSettings = {
				CLANG_ENABLE_MODULES = YES;
				CODE_SIGN_STYLE = Automatic;
				CURRENT_PROJECT_VERSION = 1;
				DEFINES_MODULE = YES;
				DEVELOPMENT_TEAM = L8PG7LC3Y3;
				DYLIB_COMPATIBILITY_VERSION = 1;
				DYLIB_CURRENT_VERSION = 1;
				DYLIB_INSTALL_NAME_BASE = "@rpath";
				GENERATE_INFOPLIST_FILE = YES;
				INFOPLIST_FILE = Discovery/Info.plist;
				INFOPLIST_KEY_NSHumanReadableCopyright = "";
				INSTALL_PATH = "$(LOCAL_LIBRARY_DIR)/Frameworks";
				IPHONEOS_DEPLOYMENT_TARGET = 15.0;
				LD_RUNPATH_SEARCH_PATHS = (
					"$(inherited)",
					"@executable_path/Frameworks",
					"@loader_path/Frameworks",
				);
				MARKETING_VERSION = 1.0;
				PRODUCT_BUNDLE_IDENTIFIER = org.openedx.Discovery;
				PRODUCT_NAME = "$(TARGET_NAME:c99extidentifier)";
				SKIP_INSTALL = YES;
				SUPPORTED_PLATFORMS = "iphoneos iphonesimulator";
				SUPPORTS_MACCATALYST = NO;
				SUPPORTS_MAC_DESIGNED_FOR_IPHONE_IPAD = YES;
				SWIFT_EMIT_LOC_STRINGS = YES;
				SWIFT_VERSION = 5.0;
				TARGETED_DEVICE_FAMILY = "1,2";
			};
			name = ReleaseDev;
		};
/* End XCBuildConfiguration section */

/* Begin XCConfigurationList section */
		022D04942976D7E100E0059B /* Build configuration list for PBXNativeTarget "DiscoveryUnitTests" */ = {
			isa = XCConfigurationList;
			buildConfigurations = (
				022D048E2976D7E100E0059B /* Debug */,
				022D048F2976D7E100E0059B /* DebugDev */,
				022D04902976D7E100E0059B /* DebugProd */,
				02DD1CA729E80D1000F35DCE /* DebugStage */,
				022D04912976D7E100E0059B /* Release */,
				022D04922976D7E100E0059B /* ReleaseDev */,
				022D04932976D7E100E0059B /* ReleaseProd */,
				02DD1CAA29E80D1600F35DCE /* ReleaseStage */,
			);
			defaultConfigurationIsVisible = 0;
			defaultConfigurationName = Release;
		};
		0727879328D34C03002E9142 /* Build configuration list for PBXProject "Discovery" */ = {
			isa = XCConfigurationList;
			buildConfigurations = (
				0727879E28D34C03002E9142 /* Debug */,
				072787A528D34CE8002E9142 /* DebugDev */,
				072787A328D34CE4002E9142 /* DebugProd */,
				02DD1CA529E80D1000F35DCE /* DebugStage */,
				0727879F28D34C03002E9142 /* Release */,
				072787A928D34CF6002E9142 /* ReleaseDev */,
				072787A728D34CF2002E9142 /* ReleaseProd */,
				02DD1CA829E80D1600F35DCE /* ReleaseStage */,
			);
			defaultConfigurationIsVisible = 0;
			defaultConfigurationName = Release;
		};
		072787A028D34C03002E9142 /* Build configuration list for PBXNativeTarget "Discovery" */ = {
			isa = XCConfigurationList;
			buildConfigurations = (
				072787A128D34C03002E9142 /* Debug */,
				072787A628D34CE8002E9142 /* DebugDev */,
				072787A428D34CE4002E9142 /* DebugProd */,
				02DD1CA629E80D1000F35DCE /* DebugStage */,
				072787A228D34C03002E9142 /* Release */,
				072787AA28D34CF6002E9142 /* ReleaseDev */,
				072787A828D34CF2002E9142 /* ReleaseProd */,
				02DD1CA929E80D1600F35DCE /* ReleaseStage */,
			);
			defaultConfigurationIsVisible = 0;
			defaultConfigurationName = Release;
		};
/* End XCConfigurationList section */

/* Begin XCVersionGroup section */
		0297373E2949FB070051696B /* DiscoveryCoreModel.xcdatamodeld */ = {
			isa = XCVersionGroup;
			children = (
				0297373F2949FB070051696B /* DiscoveryCoreModel.xcdatamodel */,
			);
			currentVersion = 0297373F2949FB070051696B /* DiscoveryCoreModel.xcdatamodel */;
			path = DiscoveryCoreModel.xcdatamodeld;
			sourceTree = "<group>";
			versionGroupType = wrapper.xcdatamodel;
		};
/* End XCVersionGroup section */
	};
	rootObject = 0727879028D34C03002E9142 /* Project object */;
}
